// !$*UTF8*$!
{
	archiveVersion = 1;
	classes = {
	};
	objectVersion = 46;
	objects = {

/* Begin PBXBuildFile section */
		7C0729611A07B3280074057E /* SubListView.m in Sources */ = {isa = PBXBuildFile; fileRef = 7CB8C4A11A06129400C47C24 /* SubListView.m */; };
		7C9E4C331A0A6A1100624819 /* BeautyMakeUpFootTableViewCell.m in Sources */ = {isa = PBXBuildFile; fileRef = 7C9E4C321A0A6A1100624819 /* BeautyMakeUpFootTableViewCell.m */; };
		7CB8C49F1A060CAE00C47C24 /* SubListTableViewCell.m in Sources */ = {isa = PBXBuildFile; fileRef = 7CB8C49E1A060CAE00C47C24 /* SubListTableViewCell.m */; };
		7CBAF5231A04AB4C00D6E74A /* main.m in Sources */ = {isa = PBXBuildFile; fileRef = 7CBAF5221A04AB4C00D6E74A /* main.m */; };
		7CBAF52C1A04AB4C00D6E74A /* Main.storyboard in Resources */ = {isa = PBXBuildFile; fileRef = 7CBAF52A1A04AB4C00D6E74A /* Main.storyboard */; };
		7CBAF52E1A04AB4C00D6E74A /* Images.xcassets in Resources */ = {isa = PBXBuildFile; fileRef = 7CBAF52D1A04AB4C00D6E74A /* Images.xcassets */; };
		7CBAF5311A04AB4C00D6E74A /* LaunchScreen.xib in Resources */ = {isa = PBXBuildFile; fileRef = 7CBAF52F1A04AB4C00D6E74A /* LaunchScreen.xib */; };
		7CBAF53D1A04AB4C00D6E74A /* ServiceBeautyTests.m in Sources */ = {isa = PBXBuildFile; fileRef = 7CBAF53C1A04AB4C00D6E74A /* ServiceBeautyTests.m */; };
		7CBAF5531A04BA4300D6E74A /* AdvitiseView.m in Sources */ = {isa = PBXBuildFile; fileRef = 7CBAF5521A04BA4300D6E74A /* AdvitiseView.m */; };
		7CBAF55B1A04F51900D6E74A /* ListButton.m in Sources */ = {isa = PBXBuildFile; fileRef = 7CBAF55A1A04F51900D6E74A /* ListButton.m */; };
		7CBE7A031A1382A800E64587 /* HttpRequestWrap.m in Sources */ = {isa = PBXBuildFile; fileRef = 7CBE7A021A1382A800E64587 /* HttpRequestWrap.m */; settings = {COMPILER_FLAGS = "-fno-objc-arc"; }; };
		7CBE7A171A1382D100E64587 /* ASIAuthenticationDialog.m in Sources */ = {isa = PBXBuildFile; fileRef = 7CBE7A061A1382D100E64587 /* ASIAuthenticationDialog.m */; settings = {COMPILER_FLAGS = "-fno-objc-arc"; }; };
		7CBE7A181A1382D100E64587 /* ASIDownloadCache.m in Sources */ = {isa = PBXBuildFile; fileRef = 7CBE7A091A1382D100E64587 /* ASIDownloadCache.m */; settings = {COMPILER_FLAGS = "-fno-objc-arc"; }; };
		7CBE7A191A1382D100E64587 /* ASIFormDataRequest.m in Sources */ = {isa = PBXBuildFile; fileRef = 7CBE7A0B1A1382D100E64587 /* ASIFormDataRequest.m */; settings = {COMPILER_FLAGS = "-fno-objc-arc"; }; };
		7CBE7A1A1A1382D100E64587 /* ASIHTTPRequest.m in Sources */ = {isa = PBXBuildFile; fileRef = 7CBE7A0D1A1382D100E64587 /* ASIHTTPRequest.m */; settings = {COMPILER_FLAGS = "-fno-objc-arc"; }; };
		7CBE7A1B1A1382D100E64587 /* ASIInputStream.m in Sources */ = {isa = PBXBuildFile; fileRef = 7CBE7A111A1382D100E64587 /* ASIInputStream.m */; settings = {COMPILER_FLAGS = "-fno-objc-arc"; }; };
		7CBE7A1C1A1382D100E64587 /* ASINetworkQueue.m in Sources */ = {isa = PBXBuildFile; fileRef = 7CBE7A131A1382D100E64587 /* ASINetworkQueue.m */; settings = {COMPILER_FLAGS = "-fno-objc-arc"; }; };
		7CBE7A1D1A1382D100E64587 /* Reachability.m in Sources */ = {isa = PBXBuildFile; fileRef = 7CBE7A161A1382D100E64587 /* Reachability.m */; settings = {COMPILER_FLAGS = "-fno-objc-arc"; }; };
		7CBE7A281A1382F200E64587 /* NSObject+SBJSON.m in Sources */ = {isa = PBXBuildFile; fileRef = 7CBE7A211A1382F200E64587 /* NSObject+SBJSON.m */; settings = {COMPILER_FLAGS = "-fno-objc-arc"; }; };
		7CBE7A291A1382F200E64587 /* NSString+SBJSON.m in Sources */ = {isa = PBXBuildFile; fileRef = 7CBE7A231A1382F200E64587 /* NSString+SBJSON.m */; settings = {COMPILER_FLAGS = "-fno-objc-arc"; }; };
		7CBE7A2A1A1382F200E64587 /* NSString+URLEncoding.m in Sources */ = {isa = PBXBuildFile; fileRef = 7CBE7A251A1382F200E64587 /* NSString+URLEncoding.m */; settings = {COMPILER_FLAGS = "-fno-objc-arc"; }; };
		7CBE7A2B1A1382F200E64587 /* SBJSON.m in Sources */ = {isa = PBXBuildFile; fileRef = 7CBE7A271A1382F200E64587 /* SBJSON.m */; settings = {COMPILER_FLAGS = "-fno-objc-arc"; }; };
		7CBE7A2D1A13843800E64587 /* libz.1.2.5.dylib in Frameworks */ = {isa = PBXBuildFile; fileRef = 7CBE7A2C1A13843800E64587 /* libz.1.2.5.dylib */; };
		7CBE7A2F1A13843E00E64587 /* CFNetwork.framework in Frameworks */ = {isa = PBXBuildFile; fileRef = 7CBE7A2E1A13843E00E64587 /* CFNetwork.framework */; };
		7CBE7A311A13845900E64587 /* libicucore.dylib in Frameworks */ = {isa = PBXBuildFile; fileRef = 7CBE7A301A13845900E64587 /* libicucore.dylib */; };
		7CBE7A341A1385EF00E64587 /* BeautyServiceRequest.m in Sources */ = {isa = PBXBuildFile; fileRef = 7CBE7A331A1385EF00E64587 /* BeautyServiceRequest.m */; };
		A46510431A12005E00C3DA48 /* 1.jpg in Resources */ = {isa = PBXBuildFile; fileRef = A465101F1A12005E00C3DA48 /* 1.jpg */; };
		A46510441A12005E00C3DA48 /* 2.jpg in Resources */ = {isa = PBXBuildFile; fileRef = A46510201A12005E00C3DA48 /* 2.jpg */; };
		A46510451A12005E00C3DA48 /* arrows.png in Resources */ = {isa = PBXBuildFile; fileRef = A46510211A12005E00C3DA48 /* arrows.png */; };
		A46510461A12005E00C3DA48 /* back@2x.png in Resources */ = {isa = PBXBuildFile; fileRef = A46510221A12005E00C3DA48 /* back@2x.png */; };
		A46510471A12005E00C3DA48 /* button1.png in Resources */ = {isa = PBXBuildFile; fileRef = A46510231A12005E00C3DA48 /* button1.png */; };
		A46510481A12005E00C3DA48 /* button2.png in Resources */ = {isa = PBXBuildFile; fileRef = A46510241A12005E00C3DA48 /* button2.png */; };
		A46510491A12005E00C3DA48 /* button3.png in Resources */ = {isa = PBXBuildFile; fileRef = A46510251A12005E00C3DA48 /* button3.png */; };
		A465104A1A12005E00C3DA48 /* button4.png in Resources */ = {isa = PBXBuildFile; fileRef = A46510261A12005E00C3DA48 /* button4.png */; };
		A465104B1A12005E00C3DA48 /* cell_icon_1.png in Resources */ = {isa = PBXBuildFile; fileRef = A46510271A12005E00C3DA48 /* cell_icon_1.png */; };
		A465104C1A12005E00C3DA48 /* cell_icon_2.png in Resources */ = {isa = PBXBuildFile; fileRef = A46510281A12005E00C3DA48 /* cell_icon_2.png */; };
		A465104D1A12005E00C3DA48 /* cell_icon_3.png in Resources */ = {isa = PBXBuildFile; fileRef = A46510291A12005E00C3DA48 /* cell_icon_3.png */; };
		A465104E1A12005E00C3DA48 /* cell_icon_4.png in Resources */ = {isa = PBXBuildFile; fileRef = A465102A1A12005E00C3DA48 /* cell_icon_4.png */; };
		A465104F1A12005E00C3DA48 /* cell_icon_6.png in Resources */ = {isa = PBXBuildFile; fileRef = A465102B1A12005E00C3DA48 /* cell_icon_6.png */; };
		A46510501A12005E00C3DA48 /* cell_icon_7.png in Resources */ = {isa = PBXBuildFile; fileRef = A465102C1A12005E00C3DA48 /* cell_icon_7.png */; };
		A46510511A12005E00C3DA48 /* icon.jpg in Resources */ = {isa = PBXBuildFile; fileRef = A465102D1A12005E00C3DA48 /* icon.jpg */; };
		A46510521A12005E00C3DA48 /* navigationbar_background.png in Resources */ = {isa = PBXBuildFile; fileRef = A465102E1A12005E00C3DA48 /* navigationbar_background.png */; };
		A46510531A12005E00C3DA48 /* star.png in Resources */ = {isa = PBXBuildFile; fileRef = A465102F1A12005E00C3DA48 /* star.png */; };
		A46510541A12005E00C3DA48 /* tabbar_background.png in Resources */ = {isa = PBXBuildFile; fileRef = A46510301A12005E00C3DA48 /* tabbar_background.png */; };
		A46510551A12005E00C3DA48 /* tabbar_background@2x.png in Resources */ = {isa = PBXBuildFile; fileRef = A46510311A12005E00C3DA48 /* tabbar_background@2x.png */; };
		A46510561A12005E00C3DA48 /* tabbar_discover_highlighted.png in Resources */ = {isa = PBXBuildFile; fileRef = A46510321A12005E00C3DA48 /* tabbar_discover_highlighted.png */; };
		A46510571A12005E00C3DA48 /* tabbar_discover_highlighted@2x.png in Resources */ = {isa = PBXBuildFile; fileRef = A46510331A12005E00C3DA48 /* tabbar_discover_highlighted@2x.png */; };
		A46510581A12005E00C3DA48 /* tabbar_discover.png in Resources */ = {isa = PBXBuildFile; fileRef = A46510341A12005E00C3DA48 /* tabbar_discover.png */; };
		A46510591A12005E00C3DA48 /* tabbar_discover@2x.png in Resources */ = {isa = PBXBuildFile; fileRef = A46510351A12005E00C3DA48 /* tabbar_discover@2x.png */; };
		A465105A1A12005E00C3DA48 /* tabbar_home_highlighted.png in Resources */ = {isa = PBXBuildFile; fileRef = A46510361A12005E00C3DA48 /* tabbar_home_highlighted.png */; };
		A465105B1A12005E00C3DA48 /* tabbar_home_highlighted@2x.png in Resources */ = {isa = PBXBuildFile; fileRef = A46510371A12005E00C3DA48 /* tabbar_home_highlighted@2x.png */; };
		A465105C1A12005E00C3DA48 /* tabbar_home.png in Resources */ = {isa = PBXBuildFile; fileRef = A46510381A12005E00C3DA48 /* tabbar_home.png */; };
		A465105D1A12005E00C3DA48 /* tabbar_home@2x.png in Resources */ = {isa = PBXBuildFile; fileRef = A46510391A12005E00C3DA48 /* tabbar_home@2x.png */; };
		A465105E1A12005E00C3DA48 /* tabbar_message_center_highlighted.png in Resources */ = {isa = PBXBuildFile; fileRef = A465103A1A12005E00C3DA48 /* tabbar_message_center_highlighted.png */; };
		A465105F1A12005E00C3DA48 /* tabbar_message_center_highlighted@2x.png in Resources */ = {isa = PBXBuildFile; fileRef = A465103B1A12005E00C3DA48 /* tabbar_message_center_highlighted@2x.png */; };
		A46510601A12005E00C3DA48 /* tabbar_message_center.png in Resources */ = {isa = PBXBuildFile; fileRef = A465103C1A12005E00C3DA48 /* tabbar_message_center.png */; };
		A46510611A12005E00C3DA48 /* tabbar_message_center@2x.png in Resources */ = {isa = PBXBuildFile; fileRef = A465103D1A12005E00C3DA48 /* tabbar_message_center@2x.png */; };
		A46510621A12005E00C3DA48 /* tabbar_profile_highlighted.png in Resources */ = {isa = PBXBuildFile; fileRef = A465103E1A12005E00C3DA48 /* tabbar_profile_highlighted.png */; };
		A46510631A12005E00C3DA48 /* tabbar_profile_highlighted@2x.png in Resources */ = {isa = PBXBuildFile; fileRef = A465103F1A12005E00C3DA48 /* tabbar_profile_highlighted@2x.png */; };
		A46510641A12005E00C3DA48 /* tabbar_profile.png in Resources */ = {isa = PBXBuildFile; fileRef = A46510401A12005E00C3DA48 /* tabbar_profile.png */; };
		A46510651A12005E00C3DA48 /* tabbar_profile@2x.png in Resources */ = {isa = PBXBuildFile; fileRef = A46510411A12005E00C3DA48 /* tabbar_profile@2x.png */; };
		A46510661A12005E00C3DA48 /* time.png in Resources */ = {isa = PBXBuildFile; fileRef = A46510421A12005E00C3DA48 /* time.png */; };
		A465106D1A1201C200C3DA48 /* AccountTableViewCell.m in Sources */ = {isa = PBXBuildFile; fileRef = A46510681A1201C200C3DA48 /* AccountTableViewCell.m */; };
		A465106E1A1201C200C3DA48 /* CollectTableViewCell.m in Sources */ = {isa = PBXBuildFile; fileRef = A465106A1A1201C200C3DA48 /* CollectTableViewCell.m */; };
		A465106F1A1201C200C3DA48 /* OrderTableViewCell.m in Sources */ = {isa = PBXBuildFile; fileRef = A465106C1A1201C200C3DA48 /* OrderTableViewCell.m */; };
		A46510791A12029300C3DA48 /* AccountViewController.m in Sources */ = {isa = PBXBuildFile; fileRef = A46510721A12029300C3DA48 /* AccountViewController.m */; };
		A465107A1A12029300C3DA48 /* CollectViewController.m in Sources */ = {isa = PBXBuildFile; fileRef = A46510741A12029300C3DA48 /* CollectViewController.m */; };
		A465107B1A12029300C3DA48 /* MyOrderViewController.m in Sources */ = {isa = PBXBuildFile; fileRef = A46510761A12029300C3DA48 /* MyOrderViewController.m */; };
		A465107C1A12029300C3DA48 /* OrderDetailsViewController.m in Sources */ = {isa = PBXBuildFile; fileRef = A46510781A12029300C3DA48 /* OrderDetailsViewController.m */; };
		A46510801A12030300C3DA48 /* MainViewController.m in Sources */ = {isa = PBXBuildFile; fileRef = A465107F1A12030300C3DA48 /* MainViewController.m */; };
		A46510851A12039500C3DA48 /* BeautyMakeUpFootViewController.m in Sources */ = {isa = PBXBuildFile; fileRef = A46510821A12039500C3DA48 /* BeautyMakeUpFootViewController.m */; };
		A46510861A12039500C3DA48 /* SubListViewController.m in Sources */ = {isa = PBXBuildFile; fileRef = A46510841A12039500C3DA48 /* SubListViewController.m */; };
		A465108A1A1203C200C3DA48 /* ShareViewController.m in Sources */ = {isa = PBXBuildFile; fileRef = A46510891A1203C200C3DA48 /* ShareViewController.m */; };
		A465108D1A12041E00C3DA48 /* BookServiceViewController.m in Sources */ = {isa = PBXBuildFile; fileRef = A465108C1A12041E00C3DA48 /* BookServiceViewController.m */; };
		A46510911A12046700C3DA48 /* IntroductionViewController.m in Sources */ = {isa = PBXBuildFile; fileRef = A46510901A12046700C3DA48 /* IntroductionViewController.m */; };
		A465109B1A12051600C3DA48 /* AppDelegate.m in Sources */ = {isa = PBXBuildFile; fileRef = A46510941A12051600C3DA48 /* AppDelegate.m */; };
		A465109C1A12051600C3DA48 /* BaseNavigationController.m in Sources */ = {isa = PBXBuildFile; fileRef = A46510961A12051600C3DA48 /* BaseNavigationController.m */; };
		A465109D1A12051600C3DA48 /* BeautyUtility.m in Sources */ = {isa = PBXBuildFile; fileRef = A46510981A12051600C3DA48 /* BeautyUtility.m */; };
		A465109E1A12051600C3DA48 /* MainTabBarViewController.m in Sources */ = {isa = PBXBuildFile; fileRef = A465109A1A12051600C3DA48 /* MainTabBarViewController.m */; };
		A4BBC3731A0B069000D6A596 /* Default-568h@2x.png in Resources */ = {isa = PBXBuildFile; fileRef = A4BBC3721A0B069000D6A596 /* Default-568h@2x.png */; };
/* End PBXBuildFile section */

/* Begin PBXContainerItemProxy section */
		7CBAF5371A04AB4C00D6E74A /* PBXContainerItemProxy */ = {
			isa = PBXContainerItemProxy;
			containerPortal = 7CBAF5151A04AB4C00D6E74A /* Project object */;
			proxyType = 1;
			remoteGlobalIDString = 7CBAF51C1A04AB4C00D6E74A;
			remoteInfo = ServiceBeauty;
		};
/* End PBXContainerItemProxy section */

/* Begin PBXFileReference section */
		7C9E4C311A0A6A1100624819 /* BeautyMakeUpFootTableViewCell.h */ = {isa = PBXFileReference; fileEncoding = 4; lastKnownFileType = sourcecode.c.h; path = BeautyMakeUpFootTableViewCell.h; sourceTree = "<group>"; };
		7C9E4C321A0A6A1100624819 /* BeautyMakeUpFootTableViewCell.m */ = {isa = PBXFileReference; fileEncoding = 4; lastKnownFileType = sourcecode.c.objc; path = BeautyMakeUpFootTableViewCell.m; sourceTree = "<group>"; };
		7CB8C49D1A060CAE00C47C24 /* SubListTableViewCell.h */ = {isa = PBXFileReference; fileEncoding = 4; lastKnownFileType = sourcecode.c.h; path = SubListTableViewCell.h; sourceTree = "<group>"; };
		7CB8C49E1A060CAE00C47C24 /* SubListTableViewCell.m */ = {isa = PBXFileReference; fileEncoding = 4; lastKnownFileType = sourcecode.c.objc; path = SubListTableViewCell.m; sourceTree = "<group>"; };
		7CB8C4A01A06129400C47C24 /* SubListView.h */ = {isa = PBXFileReference; fileEncoding = 4; lastKnownFileType = sourcecode.c.h; path = SubListView.h; sourceTree = "<group>"; };
		7CB8C4A11A06129400C47C24 /* SubListView.m */ = {isa = PBXFileReference; fileEncoding = 4; lastKnownFileType = sourcecode.c.objc; path = SubListView.m; sourceTree = "<group>"; };
		7CBAF51D1A04AB4C00D6E74A /* ServiceBeauty.app */ = {isa = PBXFileReference; explicitFileType = wrapper.application; includeInIndex = 0; path = ServiceBeauty.app; sourceTree = BUILT_PRODUCTS_DIR; };
		7CBAF5211A04AB4C00D6E74A /* Info.plist */ = {isa = PBXFileReference; lastKnownFileType = text.plist.xml; path = Info.plist; sourceTree = "<group>"; };
		7CBAF5221A04AB4C00D6E74A /* main.m */ = {isa = PBXFileReference; lastKnownFileType = sourcecode.c.objc; path = main.m; sourceTree = "<group>"; };
		7CBAF52B1A04AB4C00D6E74A /* Base */ = {isa = PBXFileReference; lastKnownFileType = file.storyboard; name = Base; path = Base.lproj/Main.storyboard; sourceTree = "<group>"; };
		7CBAF52D1A04AB4C00D6E74A /* Images.xcassets */ = {isa = PBXFileReference; lastKnownFileType = folder.assetcatalog; path = Images.xcassets; sourceTree = "<group>"; };
		7CBAF5301A04AB4C00D6E74A /* Base */ = {isa = PBXFileReference; lastKnownFileType = file.xib; name = Base; path = Base.lproj/LaunchScreen.xib; sourceTree = "<group>"; };
		7CBAF5361A04AB4C00D6E74A /* ServiceBeautyTests.xctest */ = {isa = PBXFileReference; explicitFileType = wrapper.cfbundle; includeInIndex = 0; path = ServiceBeautyTests.xctest; sourceTree = BUILT_PRODUCTS_DIR; };
		7CBAF53B1A04AB4C00D6E74A /* Info.plist */ = {isa = PBXFileReference; lastKnownFileType = text.plist.xml; path = Info.plist; sourceTree = "<group>"; };
		7CBAF53C1A04AB4C00D6E74A /* ServiceBeautyTests.m */ = {isa = PBXFileReference; lastKnownFileType = sourcecode.c.objc; path = ServiceBeautyTests.m; sourceTree = "<group>"; };
		7CBAF5511A04BA4300D6E74A /* AdvitiseView.h */ = {isa = PBXFileReference; fileEncoding = 4; lastKnownFileType = sourcecode.c.h; path = AdvitiseView.h; sourceTree = "<group>"; };
		7CBAF5521A04BA4300D6E74A /* AdvitiseView.m */ = {isa = PBXFileReference; fileEncoding = 4; lastKnownFileType = sourcecode.c.objc; path = AdvitiseView.m; sourceTree = "<group>"; };
		7CBAF5591A04F51900D6E74A /* ListButton.h */ = {isa = PBXFileReference; fileEncoding = 4; lastKnownFileType = sourcecode.c.h; path = ListButton.h; sourceTree = "<group>"; };
		7CBAF55A1A04F51900D6E74A /* ListButton.m */ = {isa = PBXFileReference; fileEncoding = 4; lastKnownFileType = sourcecode.c.objc; path = ListButton.m; sourceTree = "<group>"; };
		7CBE7A011A1382A800E64587 /* HttpRequestWrap.h */ = {isa = PBXFileReference; fileEncoding = 4; lastKnownFileType = sourcecode.c.h; path = HttpRequestWrap.h; sourceTree = "<group>"; };
		7CBE7A021A1382A800E64587 /* HttpRequestWrap.m */ = {isa = PBXFileReference; fileEncoding = 4; lastKnownFileType = sourcecode.c.objc; path = HttpRequestWrap.m; sourceTree = "<group>"; };
		7CBE7A051A1382D100E64587 /* ASIAuthenticationDialog.h */ = {isa = PBXFileReference; fileEncoding = 4; lastKnownFileType = sourcecode.c.h; path = ASIAuthenticationDialog.h; sourceTree = "<group>"; };
		7CBE7A061A1382D100E64587 /* ASIAuthenticationDialog.m */ = {isa = PBXFileReference; fileEncoding = 4; lastKnownFileType = sourcecode.c.objc; path = ASIAuthenticationDialog.m; sourceTree = "<group>"; };
		7CBE7A071A1382D100E64587 /* ASICacheDelegate.h */ = {isa = PBXFileReference; fileEncoding = 4; lastKnownFileType = sourcecode.c.h; path = ASICacheDelegate.h; sourceTree = "<group>"; };
		7CBE7A081A1382D100E64587 /* ASIDownloadCache.h */ = {isa = PBXFileReference; fileEncoding = 4; lastKnownFileType = sourcecode.c.h; path = ASIDownloadCache.h; sourceTree = "<group>"; };
		7CBE7A091A1382D100E64587 /* ASIDownloadCache.m */ = {isa = PBXFileReference; fileEncoding = 4; lastKnownFileType = sourcecode.c.objc; path = ASIDownloadCache.m; sourceTree = "<group>"; };
		7CBE7A0A1A1382D100E64587 /* ASIFormDataRequest.h */ = {isa = PBXFileReference; fileEncoding = 4; lastKnownFileType = sourcecode.c.h; path = ASIFormDataRequest.h; sourceTree = "<group>"; };
		7CBE7A0B1A1382D100E64587 /* ASIFormDataRequest.m */ = {isa = PBXFileReference; fileEncoding = 4; lastKnownFileType = sourcecode.c.objc; path = ASIFormDataRequest.m; sourceTree = "<group>"; };
		7CBE7A0C1A1382D100E64587 /* ASIHTTPRequest.h */ = {isa = PBXFileReference; fileEncoding = 4; lastKnownFileType = sourcecode.c.h; path = ASIHTTPRequest.h; sourceTree = "<group>"; };
		7CBE7A0D1A1382D100E64587 /* ASIHTTPRequest.m */ = {isa = PBXFileReference; fileEncoding = 4; lastKnownFileType = sourcecode.c.objc; path = ASIHTTPRequest.m; sourceTree = "<group>"; };
		7CBE7A0E1A1382D100E64587 /* ASIHTTPRequestConfig.h */ = {isa = PBXFileReference; fileEncoding = 4; lastKnownFileType = sourcecode.c.h; path = ASIHTTPRequestConfig.h; sourceTree = "<group>"; };
		7CBE7A0F1A1382D100E64587 /* ASIHTTPRequestDelegate.h */ = {isa = PBXFileReference; fileEncoding = 4; lastKnownFileType = sourcecode.c.h; path = ASIHTTPRequestDelegate.h; sourceTree = "<group>"; };
		7CBE7A101A1382D100E64587 /* ASIInputStream.h */ = {isa = PBXFileReference; fileEncoding = 4; lastKnownFileType = sourcecode.c.h; path = ASIInputStream.h; sourceTree = "<group>"; };
		7CBE7A111A1382D100E64587 /* ASIInputStream.m */ = {isa = PBXFileReference; fileEncoding = 4; lastKnownFileType = sourcecode.c.objc; path = ASIInputStream.m; sourceTree = "<group>"; };
		7CBE7A121A1382D100E64587 /* ASINetworkQueue.h */ = {isa = PBXFileReference; fileEncoding = 4; lastKnownFileType = sourcecode.c.h; path = ASINetworkQueue.h; sourceTree = "<group>"; };
		7CBE7A131A1382D100E64587 /* ASINetworkQueue.m */ = {isa = PBXFileReference; fileEncoding = 4; lastKnownFileType = sourcecode.c.objc; path = ASINetworkQueue.m; sourceTree = "<group>"; };
		7CBE7A141A1382D100E64587 /* ASIProgressDelegate.h */ = {isa = PBXFileReference; fileEncoding = 4; lastKnownFileType = sourcecode.c.h; path = ASIProgressDelegate.h; sourceTree = "<group>"; };
		7CBE7A151A1382D100E64587 /* Reachability.h */ = {isa = PBXFileReference; fileEncoding = 4; lastKnownFileType = sourcecode.c.h; path = Reachability.h; sourceTree = "<group>"; };
		7CBE7A161A1382D100E64587 /* Reachability.m */ = {isa = PBXFileReference; fileEncoding = 4; lastKnownFileType = sourcecode.c.objc; path = Reachability.m; sourceTree = "<group>"; };
		7CBE7A1F1A1382F200E64587 /* JSON.h */ = {isa = PBXFileReference; fileEncoding = 4; lastKnownFileType = sourcecode.c.h; path = JSON.h; sourceTree = "<group>"; };
		7CBE7A201A1382F200E64587 /* NSObject+SBJSON.h */ = {isa = PBXFileReference; fileEncoding = 4; lastKnownFileType = sourcecode.c.h; path = "NSObject+SBJSON.h"; sourceTree = "<group>"; };
		7CBE7A211A1382F200E64587 /* NSObject+SBJSON.m */ = {isa = PBXFileReference; fileEncoding = 4; lastKnownFileType = sourcecode.c.objc; path = "NSObject+SBJSON.m"; sourceTree = "<group>"; };
		7CBE7A221A1382F200E64587 /* NSString+SBJSON.h */ = {isa = PBXFileReference; fileEncoding = 4; lastKnownFileType = sourcecode.c.h; path = "NSString+SBJSON.h"; sourceTree = "<group>"; };
		7CBE7A231A1382F200E64587 /* NSString+SBJSON.m */ = {isa = PBXFileReference; fileEncoding = 4; lastKnownFileType = sourcecode.c.objc; path = "NSString+SBJSON.m"; sourceTree = "<group>"; };
		7CBE7A241A1382F200E64587 /* NSString+URLEncoding.h */ = {isa = PBXFileReference; fileEncoding = 4; lastKnownFileType = sourcecode.c.h; path = "NSString+URLEncoding.h"; sourceTree = "<group>"; };
		7CBE7A251A1382F200E64587 /* NSString+URLEncoding.m */ = {isa = PBXFileReference; fileEncoding = 4; lastKnownFileType = sourcecode.c.objc; path = "NSString+URLEncoding.m"; sourceTree = "<group>"; };
		7CBE7A261A1382F200E64587 /* SBJSON.h */ = {isa = PBXFileReference; fileEncoding = 4; lastKnownFileType = sourcecode.c.h; path = SBJSON.h; sourceTree = "<group>"; };
		7CBE7A271A1382F200E64587 /* SBJSON.m */ = {isa = PBXFileReference; fileEncoding = 4; lastKnownFileType = sourcecode.c.objc; path = SBJSON.m; sourceTree = "<group>"; };
		7CBE7A2C1A13843800E64587 /* libz.1.2.5.dylib */ = {isa = PBXFileReference; lastKnownFileType = "compiled.mach-o.dylib"; name = libz.1.2.5.dylib; path = usr/lib/libz.1.2.5.dylib; sourceTree = SDKROOT; };
		7CBE7A2E1A13843E00E64587 /* CFNetwork.framework */ = {isa = PBXFileReference; lastKnownFileType = wrapper.framework; name = CFNetwork.framework; path = System/Library/Frameworks/CFNetwork.framework; sourceTree = SDKROOT; };
		7CBE7A301A13845900E64587 /* libicucore.dylib */ = {isa = PBXFileReference; lastKnownFileType = "compiled.mach-o.dylib"; name = libicucore.dylib; path = usr/lib/libicucore.dylib; sourceTree = SDKROOT; };
		7CBE7A321A1385EF00E64587 /* BeautyServiceRequest.h */ = {isa = PBXFileReference; fileEncoding = 4; lastKnownFileType = sourcecode.c.h; path = BeautyServiceRequest.h; sourceTree = "<group>"; };
		7CBE7A331A1385EF00E64587 /* BeautyServiceRequest.m */ = {isa = PBXFileReference; fileEncoding = 4; lastKnownFileType = sourcecode.c.objc; path = BeautyServiceRequest.m; sourceTree = "<group>"; };
		A465101F1A12005E00C3DA48 /* 1.jpg */ = {isa = PBXFileReference; lastKnownFileType = image.jpeg; name = 1.jpg; path = image/1.jpg; sourceTree = "<group>"; };
		A46510201A12005E00C3DA48 /* 2.jpg */ = {isa = PBXFileReference; lastKnownFileType = image.jpeg; name = 2.jpg; path = image/2.jpg; sourceTree = "<group>"; };
		A46510211A12005E00C3DA48 /* arrows.png */ = {isa = PBXFileReference; lastKnownFileType = image.png; name = arrows.png; path = image/arrows.png; sourceTree = "<group>"; };
		A46510221A12005E00C3DA48 /* back@2x.png */ = {isa = PBXFileReference; lastKnownFileType = image.png; name = "back@2x.png"; path = "image/back@2x.png"; sourceTree = "<group>"; };
		A46510231A12005E00C3DA48 /* button1.png */ = {isa = PBXFileReference; lastKnownFileType = image.png; name = button1.png; path = image/button1.png; sourceTree = "<group>"; };
		A46510241A12005E00C3DA48 /* button2.png */ = {isa = PBXFileReference; lastKnownFileType = image.png; name = button2.png; path = image/button2.png; sourceTree = "<group>"; };
		A46510251A12005E00C3DA48 /* button3.png */ = {isa = PBXFileReference; lastKnownFileType = image.png; name = button3.png; path = image/button3.png; sourceTree = "<group>"; };
		A46510261A12005E00C3DA48 /* button4.png */ = {isa = PBXFileReference; lastKnownFileType = image.png; name = button4.png; path = image/button4.png; sourceTree = "<group>"; };
		A46510271A12005E00C3DA48 /* cell_icon_1.png */ = {isa = PBXFileReference; lastKnownFileType = image.png; name = cell_icon_1.png; path = image/cell_icon_1.png; sourceTree = "<group>"; };
		A46510281A12005E00C3DA48 /* cell_icon_2.png */ = {isa = PBXFileReference; lastKnownFileType = image.png; name = cell_icon_2.png; path = image/cell_icon_2.png; sourceTree = "<group>"; };
		A46510291A12005E00C3DA48 /* cell_icon_3.png */ = {isa = PBXFileReference; lastKnownFileType = image.png; name = cell_icon_3.png; path = image/cell_icon_3.png; sourceTree = "<group>"; };
		A465102A1A12005E00C3DA48 /* cell_icon_4.png */ = {isa = PBXFileReference; lastKnownFileType = image.png; name = cell_icon_4.png; path = image/cell_icon_4.png; sourceTree = "<group>"; };
		A465102B1A12005E00C3DA48 /* cell_icon_6.png */ = {isa = PBXFileReference; lastKnownFileType = image.png; name = cell_icon_6.png; path = image/cell_icon_6.png; sourceTree = "<group>"; };
		A465102C1A12005E00C3DA48 /* cell_icon_7.png */ = {isa = PBXFileReference; lastKnownFileType = image.png; name = cell_icon_7.png; path = image/cell_icon_7.png; sourceTree = "<group>"; };
		A465102D1A12005E00C3DA48 /* icon.jpg */ = {isa = PBXFileReference; lastKnownFileType = image.jpeg; name = icon.jpg; path = image/icon.jpg; sourceTree = "<group>"; };
		A465102E1A12005E00C3DA48 /* navigationbar_background.png */ = {isa = PBXFileReference; lastKnownFileType = image.png; name = navigationbar_background.png; path = image/navigationbar_background.png; sourceTree = "<group>"; };
		A465102F1A12005E00C3DA48 /* star.png */ = {isa = PBXFileReference; lastKnownFileType = image.png; name = star.png; path = image/star.png; sourceTree = "<group>"; };
		A46510301A12005E00C3DA48 /* tabbar_background.png */ = {isa = PBXFileReference; lastKnownFileType = image.png; name = tabbar_background.png; path = image/tabbar_background.png; sourceTree = "<group>"; };
		A46510311A12005E00C3DA48 /* tabbar_background@2x.png */ = {isa = PBXFileReference; lastKnownFileType = image.png; name = "tabbar_background@2x.png"; path = "image/tabbar_background@2x.png"; sourceTree = "<group>"; };
		A46510321A12005E00C3DA48 /* tabbar_discover_highlighted.png */ = {isa = PBXFileReference; lastKnownFileType = image.png; name = tabbar_discover_highlighted.png; path = image/tabbar_discover_highlighted.png; sourceTree = "<group>"; };
		A46510331A12005E00C3DA48 /* tabbar_discover_highlighted@2x.png */ = {isa = PBXFileReference; lastKnownFileType = image.png; name = "tabbar_discover_highlighted@2x.png"; path = "image/tabbar_discover_highlighted@2x.png"; sourceTree = "<group>"; };
		A46510341A12005E00C3DA48 /* tabbar_discover.png */ = {isa = PBXFileReference; lastKnownFileType = image.png; name = tabbar_discover.png; path = image/tabbar_discover.png; sourceTree = "<group>"; };
		A46510351A12005E00C3DA48 /* tabbar_discover@2x.png */ = {isa = PBXFileReference; lastKnownFileType = image.png; name = "tabbar_discover@2x.png"; path = "image/tabbar_discover@2x.png"; sourceTree = "<group>"; };
		A46510361A12005E00C3DA48 /* tabbar_home_highlighted.png */ = {isa = PBXFileReference; lastKnownFileType = image.png; name = tabbar_home_highlighted.png; path = image/tabbar_home_highlighted.png; sourceTree = "<group>"; };
		A46510371A12005E00C3DA48 /* tabbar_home_highlighted@2x.png */ = {isa = PBXFileReference; lastKnownFileType = image.png; name = "tabbar_home_highlighted@2x.png"; path = "image/tabbar_home_highlighted@2x.png"; sourceTree = "<group>"; };
		A46510381A12005E00C3DA48 /* tabbar_home.png */ = {isa = PBXFileReference; lastKnownFileType = image.png; name = tabbar_home.png; path = image/tabbar_home.png; sourceTree = "<group>"; };
		A46510391A12005E00C3DA48 /* tabbar_home@2x.png */ = {isa = PBXFileReference; lastKnownFileType = image.png; name = "tabbar_home@2x.png"; path = "image/tabbar_home@2x.png"; sourceTree = "<group>"; };
		A465103A1A12005E00C3DA48 /* tabbar_message_center_highlighted.png */ = {isa = PBXFileReference; lastKnownFileType = image.png; name = tabbar_message_center_highlighted.png; path = image/tabbar_message_center_highlighted.png; sourceTree = "<group>"; };
		A465103B1A12005E00C3DA48 /* tabbar_message_center_highlighted@2x.png */ = {isa = PBXFileReference; lastKnownFileType = image.png; name = "tabbar_message_center_highlighted@2x.png"; path = "image/tabbar_message_center_highlighted@2x.png"; sourceTree = "<group>"; };
		A465103C1A12005E00C3DA48 /* tabbar_message_center.png */ = {isa = PBXFileReference; lastKnownFileType = image.png; name = tabbar_message_center.png; path = image/tabbar_message_center.png; sourceTree = "<group>"; };
		A465103D1A12005E00C3DA48 /* tabbar_message_center@2x.png */ = {isa = PBXFileReference; lastKnownFileType = image.png; name = "tabbar_message_center@2x.png"; path = "image/tabbar_message_center@2x.png"; sourceTree = "<group>"; };
		A465103E1A12005E00C3DA48 /* tabbar_profile_highlighted.png */ = {isa = PBXFileReference; lastKnownFileType = image.png; name = tabbar_profile_highlighted.png; path = image/tabbar_profile_highlighted.png; sourceTree = "<group>"; };
		A465103F1A12005E00C3DA48 /* tabbar_profile_highlighted@2x.png */ = {isa = PBXFileReference; lastKnownFileType = image.png; name = "tabbar_profile_highlighted@2x.png"; path = "image/tabbar_profile_highlighted@2x.png"; sourceTree = "<group>"; };
		A46510401A12005E00C3DA48 /* tabbar_profile.png */ = {isa = PBXFileReference; lastKnownFileType = image.png; name = tabbar_profile.png; path = image/tabbar_profile.png; sourceTree = "<group>"; };
		A46510411A12005E00C3DA48 /* tabbar_profile@2x.png */ = {isa = PBXFileReference; lastKnownFileType = image.png; name = "tabbar_profile@2x.png"; path = "image/tabbar_profile@2x.png"; sourceTree = "<group>"; };
		A46510421A12005E00C3DA48 /* time.png */ = {isa = PBXFileReference; lastKnownFileType = image.png; name = time.png; path = image/time.png; sourceTree = "<group>"; };
		A46510671A1201C200C3DA48 /* AccountTableViewCell.h */ = {isa = PBXFileReference; fileEncoding = 4; lastKnownFileType = sourcecode.c.h; path = AccountTableViewCell.h; sourceTree = "<group>"; };
		A46510681A1201C200C3DA48 /* AccountTableViewCell.m */ = {isa = PBXFileReference; fileEncoding = 4; lastKnownFileType = sourcecode.c.objc; path = AccountTableViewCell.m; sourceTree = "<group>"; };
		A46510691A1201C200C3DA48 /* CollectTableViewCell.h */ = {isa = PBXFileReference; fileEncoding = 4; lastKnownFileType = sourcecode.c.h; path = CollectTableViewCell.h; sourceTree = "<group>"; };
		A465106A1A1201C200C3DA48 /* CollectTableViewCell.m */ = {isa = PBXFileReference; fileEncoding = 4; lastKnownFileType = sourcecode.c.objc; path = CollectTableViewCell.m; sourceTree = "<group>"; };
		A465106B1A1201C200C3DA48 /* OrderTableViewCell.h */ = {isa = PBXFileReference; fileEncoding = 4; lastKnownFileType = sourcecode.c.h; path = OrderTableViewCell.h; sourceTree = "<group>"; };
		A465106C1A1201C200C3DA48 /* OrderTableViewCell.m */ = {isa = PBXFileReference; fileEncoding = 4; lastKnownFileType = sourcecode.c.objc; path = OrderTableViewCell.m; sourceTree = "<group>"; };
		A46510711A12029300C3DA48 /* AccountViewController.h */ = {isa = PBXFileReference; fileEncoding = 4; lastKnownFileType = sourcecode.c.h; name = AccountViewController.h; path = ViewController/account/AccountViewController.h; sourceTree = "<group>"; };
		A46510721A12029300C3DA48 /* AccountViewController.m */ = {isa = PBXFileReference; fileEncoding = 4; lastKnownFileType = sourcecode.c.objc; name = AccountViewController.m; path = ViewController/account/AccountViewController.m; sourceTree = "<group>"; };
		A46510731A12029300C3DA48 /* CollectViewController.h */ = {isa = PBXFileReference; fileEncoding = 4; lastKnownFileType = sourcecode.c.h; name = CollectViewController.h; path = ViewController/account/CollectViewController.h; sourceTree = "<group>"; };
		A46510741A12029300C3DA48 /* CollectViewController.m */ = {isa = PBXFileReference; fileEncoding = 4; lastKnownFileType = sourcecode.c.objc; name = CollectViewController.m; path = ViewController/account/CollectViewController.m; sourceTree = "<group>"; };
		A46510751A12029300C3DA48 /* MyOrderViewController.h */ = {isa = PBXFileReference; fileEncoding = 4; lastKnownFileType = sourcecode.c.h; name = MyOrderViewController.h; path = ViewController/account/MyOrderViewController.h; sourceTree = "<group>"; };
		A46510761A12029300C3DA48 /* MyOrderViewController.m */ = {isa = PBXFileReference; fileEncoding = 4; lastKnownFileType = sourcecode.c.objc; name = MyOrderViewController.m; path = ViewController/account/MyOrderViewController.m; sourceTree = "<group>"; };
		A46510771A12029300C3DA48 /* OrderDetailsViewController.h */ = {isa = PBXFileReference; fileEncoding = 4; lastKnownFileType = sourcecode.c.h; name = OrderDetailsViewController.h; path = ViewController/account/OrderDetailsViewController.h; sourceTree = "<group>"; };
		A46510781A12029300C3DA48 /* OrderDetailsViewController.m */ = {isa = PBXFileReference; fileEncoding = 4; lastKnownFileType = sourcecode.c.objc; name = OrderDetailsViewController.m; path = ViewController/account/OrderDetailsViewController.m; sourceTree = "<group>"; };
		A465107E1A12030300C3DA48 /* MainViewController.h */ = {isa = PBXFileReference; fileEncoding = 4; lastKnownFileType = sourcecode.c.h; name = MainViewController.h; path = ViewController/home/MainViewController.h; sourceTree = "<group>"; };
		A465107F1A12030300C3DA48 /* MainViewController.m */ = {isa = PBXFileReference; fileEncoding = 4; lastKnownFileType = sourcecode.c.objc; name = MainViewController.m; path = ViewController/home/MainViewController.m; sourceTree = "<group>"; };
		A46510811A12039500C3DA48 /* BeautyMakeUpFootViewController.h */ = {isa = PBXFileReference; fileEncoding = 4; lastKnownFileType = sourcecode.c.h; name = BeautyMakeUpFootViewController.h; path = ViewController/home/BeautyMakeUpFootViewController.h; sourceTree = "<group>"; };
		A46510821A12039500C3DA48 /* BeautyMakeUpFootViewController.m */ = {isa = PBXFileReference; fileEncoding = 4; lastKnownFileType = sourcecode.c.objc; name = BeautyMakeUpFootViewController.m; path = ViewController/home/BeautyMakeUpFootViewController.m; sourceTree = "<group>"; };
		A46510831A12039500C3DA48 /* SubListViewController.h */ = {isa = PBXFileReference; fileEncoding = 4; lastKnownFileType = sourcecode.c.h; name = SubListViewController.h; path = ViewController/home/SubListViewController.h; sourceTree = "<group>"; };
		A46510841A12039500C3DA48 /* SubListViewController.m */ = {isa = PBXFileReference; fileEncoding = 4; lastKnownFileType = sourcecode.c.objc; name = SubListViewController.m; path = ViewController/home/SubListViewController.m; sourceTree = "<group>"; };
		A46510881A1203C200C3DA48 /* ShareViewController.h */ = {isa = PBXFileReference; fileEncoding = 4; lastKnownFileType = sourcecode.c.h; name = ShareViewController.h; path = ViewController/share/ShareViewController.h; sourceTree = "<group>"; };
		A46510891A1203C200C3DA48 /* ShareViewController.m */ = {isa = PBXFileReference; fileEncoding = 4; lastKnownFileType = sourcecode.c.objc; name = ShareViewController.m; path = ViewController/share/ShareViewController.m; sourceTree = "<group>"; };
		A465108B1A12041E00C3DA48 /* BookServiceViewController.h */ = {isa = PBXFileReference; fileEncoding = 4; lastKnownFileType = sourcecode.c.h; name = BookServiceViewController.h; path = ViewController/home/BookServiceViewController.h; sourceTree = "<group>"; };
		A465108C1A12041E00C3DA48 /* BookServiceViewController.m */ = {isa = PBXFileReference; fileEncoding = 4; lastKnownFileType = sourcecode.c.objc; name = BookServiceViewController.m; path = ViewController/home/BookServiceViewController.m; sourceTree = "<group>"; };
		A465108F1A12046700C3DA48 /* IntroductionViewController.h */ = {isa = PBXFileReference; fileEncoding = 4; lastKnownFileType = sourcecode.c.h; name = IntroductionViewController.h; path = ViewController/introduction/IntroductionViewController.h; sourceTree = "<group>"; };
		A46510901A12046700C3DA48 /* IntroductionViewController.m */ = {isa = PBXFileReference; fileEncoding = 4; lastKnownFileType = sourcecode.c.objc; name = IntroductionViewController.m; path = ViewController/introduction/IntroductionViewController.m; sourceTree = "<group>"; };
		A46510931A12051600C3DA48 /* AppDelegate.h */ = {isa = PBXFileReference; fileEncoding = 4; lastKnownFileType = sourcecode.c.h; name = AppDelegate.h; path = Utility/AppDelegate.h; sourceTree = "<group>"; };
		A46510941A12051600C3DA48 /* AppDelegate.m */ = {isa = PBXFileReference; fileEncoding = 4; lastKnownFileType = sourcecode.c.objc; name = AppDelegate.m; path = Utility/AppDelegate.m; sourceTree = "<group>"; };
		A46510951A12051600C3DA48 /* BaseNavigationController.h */ = {isa = PBXFileReference; fileEncoding = 4; lastKnownFileType = sourcecode.c.h; name = BaseNavigationController.h; path = Utility/BaseNavigationController.h; sourceTree = "<group>"; };
		A46510961A12051600C3DA48 /* BaseNavigationController.m */ = {isa = PBXFileReference; fileEncoding = 4; lastKnownFileType = sourcecode.c.objc; name = BaseNavigationController.m; path = Utility/BaseNavigationController.m; sourceTree = "<group>"; };
		A46510971A12051600C3DA48 /* BeautyUtility.h */ = {isa = PBXFileReference; fileEncoding = 4; lastKnownFileType = sourcecode.c.h; name = BeautyUtility.h; path = Utility/BeautyUtility.h; sourceTree = "<group>"; };
		A46510981A12051600C3DA48 /* BeautyUtility.m */ = {isa = PBXFileReference; fileEncoding = 4; lastKnownFileType = sourcecode.c.objc; name = BeautyUtility.m; path = Utility/BeautyUtility.m; sourceTree = "<group>"; };
		A46510991A12051600C3DA48 /* MainTabBarViewController.h */ = {isa = PBXFileReference; fileEncoding = 4; lastKnownFileType = sourcecode.c.h; name = MainTabBarViewController.h; path = Utility/MainTabBarViewController.h; sourceTree = "<group>"; };
		A465109A1A12051600C3DA48 /* MainTabBarViewController.m */ = {isa = PBXFileReference; fileEncoding = 4; lastKnownFileType = sourcecode.c.objc; name = MainTabBarViewController.m; path = Utility/MainTabBarViewController.m; sourceTree = "<group>"; };
		A4BBC3721A0B069000D6A596 /* Default-568h@2x.png */ = {isa = PBXFileReference; lastKnownFileType = image.png; name = "Default-568h@2x.png"; path = "../Default-568h@2x.png"; sourceTree = "<group>"; };
/* End PBXFileReference section */

/* Begin PBXFrameworksBuildPhase section */
		7CBAF51A1A04AB4C00D6E74A /* Frameworks */ = {
			isa = PBXFrameworksBuildPhase;
			buildActionMask = 2147483647;
			files = (
				7CBE7A311A13845900E64587 /* libicucore.dylib in Frameworks */,
				7CBE7A2F1A13843E00E64587 /* CFNetwork.framework in Frameworks */,
				7CBE7A2D1A13843800E64587 /* libz.1.2.5.dylib in Frameworks */,
			);
			runOnlyForDeploymentPostprocessing = 0;
		};
		7CBAF5331A04AB4C00D6E74A /* Frameworks */ = {
			isa = PBXFrameworksBuildPhase;
			buildActionMask = 2147483647;
			files = (
			);
			runOnlyForDeploymentPostprocessing = 0;
		};
/* End PBXFrameworksBuildPhase section */

/* Begin PBXGroup section */
		7CBAF5141A04AB4C00D6E74A = {
			isa = PBXGroup;
			children = (
				7CBE7A301A13845900E64587 /* libicucore.dylib */,
				7CBE7A2E1A13843E00E64587 /* CFNetwork.framework */,
				7CBE7A2C1A13843800E64587 /* libz.1.2.5.dylib */,
				7CBAF51F1A04AB4C00D6E74A /* ServiceBeauty */,
				7CBAF5391A04AB4C00D6E74A /* ServiceBeautyTests */,
				7CBAF51E1A04AB4C00D6E74A /* Products */,
			);
			sourceTree = "<group>";
		};
		7CBAF51E1A04AB4C00D6E74A /* Products */ = {
			isa = PBXGroup;
			children = (
				7CBAF51D1A04AB4C00D6E74A /* ServiceBeauty.app */,
				7CBAF5361A04AB4C00D6E74A /* ServiceBeautyTests.xctest */,
			);
			name = Products;
			sourceTree = "<group>";
		};
		7CBAF51F1A04AB4C00D6E74A /* ServiceBeauty */ = {
			isa = PBXGroup;
			children = (
				7CBE7A001A13829A00E64587 /* Common */,
				A46510921A12050800C3DA48 /* Utility */,
				7CBAF5501A04BA2200D6E74A /* View */,
				7CBAF5491A04AC7500D6E74A /* ViewController */,
				7CBAF52A1A04AB4C00D6E74A /* Main.storyboard */,
				7CBAF52D1A04AB4C00D6E74A /* Images.xcassets */,
				A4BBC3721A0B069000D6A596 /* Default-568h@2x.png */,
				A465101E1A11FEA500C3DA48 /* image  */,
				7CBAF52F1A04AB4C00D6E74A /* LaunchScreen.xib */,
				7CBAF5201A04AB4C00D6E74A /* Supporting Files */,
			);
			path = ServiceBeauty;
			sourceTree = "<group>";
		};
		7CBAF5201A04AB4C00D6E74A /* Supporting Files */ = {
			isa = PBXGroup;
			children = (
				7CBAF5211A04AB4C00D6E74A /* Info.plist */,
				7CBAF5221A04AB4C00D6E74A /* main.m */,
			);
			name = "Supporting Files";
			sourceTree = "<group>";
		};
		7CBAF5391A04AB4C00D6E74A /* ServiceBeautyTests */ = {
			isa = PBXGroup;
			children = (
				7CBAF53C1A04AB4C00D6E74A /* ServiceBeautyTests.m */,
				7CBAF53A1A04AB4C00D6E74A /* Supporting Files */,
			);
			path = ServiceBeautyTests;
			sourceTree = "<group>";
		};
		7CBAF53A1A04AB4C00D6E74A /* Supporting Files */ = {
			isa = PBXGroup;
			children = (
				7CBAF53B1A04AB4C00D6E74A /* Info.plist */,
			);
			name = "Supporting Files";
			sourceTree = "<group>";
		};
		7CBAF5491A04AC7500D6E74A /* ViewController */ = {
			isa = PBXGroup;
			children = (
				A46510871A1203B300C3DA48 /* share */,
				A465107D1A1202F800C3DA48 /* home */,
				A465108E1A12045600C3DA48 /* introduction */,
				A46510701A12027700C3DA48 /* account */,
			);
			name = ViewController;
			sourceTree = "<group>";
		};
		7CBAF5501A04BA2200D6E74A /* View */ = {
			isa = PBXGroup;
			children = (
				A46510671A1201C200C3DA48 /* AccountTableViewCell.h */,
				A46510681A1201C200C3DA48 /* AccountTableViewCell.m */,
				A46510691A1201C200C3DA48 /* CollectTableViewCell.h */,
				A465106A1A1201C200C3DA48 /* CollectTableViewCell.m */,
				A465106B1A1201C200C3DA48 /* OrderTableViewCell.h */,
				A465106C1A1201C200C3DA48 /* OrderTableViewCell.m */,
				7CBAF5511A04BA4300D6E74A /* AdvitiseView.h */,
				7CBAF5521A04BA4300D6E74A /* AdvitiseView.m */,
				7CB8C4A01A06129400C47C24 /* SubListView.h */,
				7CB8C4A11A06129400C47C24 /* SubListView.m */,
				7C9E4C311A0A6A1100624819 /* BeautyMakeUpFootTableViewCell.h */,
				7C9E4C321A0A6A1100624819 /* BeautyMakeUpFootTableViewCell.m */,
				7CBAF5591A04F51900D6E74A /* ListButton.h */,
				7CBAF55A1A04F51900D6E74A /* ListButton.m */,
				7CB8C49D1A060CAE00C47C24 /* SubListTableViewCell.h */,
				7CB8C49E1A060CAE00C47C24 /* SubListTableViewCell.m */,
			);
			path = View;
			sourceTree = "<group>";
		};
		7CBE7A001A13829A00E64587 /* Common */ = {
			isa = PBXGroup;
			children = (
				7CBE7A1E1A1382E500E64587 /* JSON */,
				7CBE7A041A1382BE00E64587 /* ASI */,
				7CBE7A011A1382A800E64587 /* HttpRequestWrap.h */,
				7CBE7A021A1382A800E64587 /* HttpRequestWrap.m */,
				7CBE7A321A1385EF00E64587 /* BeautyServiceRequest.h */,
				7CBE7A331A1385EF00E64587 /* BeautyServiceRequest.m */,
			);
			path = Common;
			sourceTree = "<group>";
		};
		7CBE7A041A1382BE00E64587 /* ASI */ = {
			isa = PBXGroup;
			children = (
				7CBE7A051A1382D100E64587 /* ASIAuthenticationDialog.h */,
				7CBE7A061A1382D100E64587 /* ASIAuthenticationDialog.m */,
				7CBE7A071A1382D100E64587 /* ASICacheDelegate.h */,
				7CBE7A081A1382D100E64587 /* ASIDownloadCache.h */,
				7CBE7A091A1382D100E64587 /* ASIDownloadCache.m */,
				7CBE7A0A1A1382D100E64587 /* ASIFormDataRequest.h */,
				7CBE7A0B1A1382D100E64587 /* ASIFormDataRequest.m */,
				7CBE7A0C1A1382D100E64587 /* ASIHTTPRequest.h */,
				7CBE7A0D1A1382D100E64587 /* ASIHTTPRequest.m */,
				7CBE7A0E1A1382D100E64587 /* ASIHTTPRequestConfig.h */,
				7CBE7A0F1A1382D100E64587 /* ASIHTTPRequestDelegate.h */,
				7CBE7A101A1382D100E64587 /* ASIInputStream.h */,
				7CBE7A111A1382D100E64587 /* ASIInputStream.m */,
				7CBE7A121A1382D100E64587 /* ASINetworkQueue.h */,
				7CBE7A131A1382D100E64587 /* ASINetworkQueue.m */,
				7CBE7A141A1382D100E64587 /* ASIProgressDelegate.h */,
				7CBE7A151A1382D100E64587 /* Reachability.h */,
				7CBE7A161A1382D100E64587 /* Reachability.m */,
			);
			path = ASI;
			sourceTree = "<group>";
		};
		7CBE7A1E1A1382E500E64587 /* JSON */ = {
			isa = PBXGroup;
			children = (
				7CBE7A1F1A1382F200E64587 /* JSON.h */,
				7CBE7A201A1382F200E64587 /* NSObject+SBJSON.h */,
				7CBE7A211A1382F200E64587 /* NSObject+SBJSON.m */,
				7CBE7A221A1382F200E64587 /* NSString+SBJSON.h */,
				7CBE7A231A1382F200E64587 /* NSString+SBJSON.m */,
				7CBE7A241A1382F200E64587 /* NSString+URLEncoding.h */,
				7CBE7A251A1382F200E64587 /* NSString+URLEncoding.m */,
				7CBE7A261A1382F200E64587 /* SBJSON.h */,
				7CBE7A271A1382F200E64587 /* SBJSON.m */,
			);
			path = JSON;
			sourceTree = "<group>";
		};
		A465101E1A11FEA500C3DA48 /* image  */ = {
			isa = PBXGroup;
			children = (
				A465101F1A12005E00C3DA48 /* 1.jpg */,
				A46510201A12005E00C3DA48 /* 2.jpg */,
				A46510211A12005E00C3DA48 /* arrows.png */,
				A46510221A12005E00C3DA48 /* back@2x.png */,
				A46510231A12005E00C3DA48 /* button1.png */,
				A46510241A12005E00C3DA48 /* button2.png */,
				A46510251A12005E00C3DA48 /* button3.png */,
				A46510261A12005E00C3DA48 /* button4.png */,
				A46510271A12005E00C3DA48 /* cell_icon_1.png */,
				A46510281A12005E00C3DA48 /* cell_icon_2.png */,
				A46510291A12005E00C3DA48 /* cell_icon_3.png */,
				A465102A1A12005E00C3DA48 /* cell_icon_4.png */,
				A465102B1A12005E00C3DA48 /* cell_icon_6.png */,
				A465102C1A12005E00C3DA48 /* cell_icon_7.png */,
				A465102D1A12005E00C3DA48 /* icon.jpg */,
				A465102E1A12005E00C3DA48 /* navigationbar_background.png */,
				A465102F1A12005E00C3DA48 /* star.png */,
				A46510301A12005E00C3DA48 /* tabbar_background.png */,
				A46510311A12005E00C3DA48 /* tabbar_background@2x.png */,
				A46510321A12005E00C3DA48 /* tabbar_discover_highlighted.png */,
				A46510331A12005E00C3DA48 /* tabbar_discover_highlighted@2x.png */,
				A46510341A12005E00C3DA48 /* tabbar_discover.png */,
				A46510351A12005E00C3DA48 /* tabbar_discover@2x.png */,
				A46510361A12005E00C3DA48 /* tabbar_home_highlighted.png */,
				A46510371A12005E00C3DA48 /* tabbar_home_highlighted@2x.png */,
				A46510381A12005E00C3DA48 /* tabbar_home.png */,
				A46510391A12005E00C3DA48 /* tabbar_home@2x.png */,
				A465103A1A12005E00C3DA48 /* tabbar_message_center_highlighted.png */,
				A465103B1A12005E00C3DA48 /* tabbar_message_center_highlighted@2x.png */,
				A465103C1A12005E00C3DA48 /* tabbar_message_center.png */,
				A465103D1A12005E00C3DA48 /* tabbar_message_center@2x.png */,
				A465103E1A12005E00C3DA48 /* tabbar_profile_highlighted.png */,
				A465103F1A12005E00C3DA48 /* tabbar_profile_highlighted@2x.png */,
				A46510401A12005E00C3DA48 /* tabbar_profile.png */,
				A46510411A12005E00C3DA48 /* tabbar_profile@2x.png */,
				A46510421A12005E00C3DA48 /* time.png */,
			);
			name = "image ";
			sourceTree = "<group>";
		};
		A46510701A12027700C3DA48 /* account */ = {
			isa = PBXGroup;
			children = (
				A46510711A12029300C3DA48 /* AccountViewController.h */,
				A46510721A12029300C3DA48 /* AccountViewController.m */,
				A46510731A12029300C3DA48 /* CollectViewController.h */,
				A46510741A12029300C3DA48 /* CollectViewController.m */,
				A46510751A12029300C3DA48 /* MyOrderViewController.h */,
				A46510761A12029300C3DA48 /* MyOrderViewController.m */,
				A46510771A12029300C3DA48 /* OrderDetailsViewController.h */,
				A46510781A12029300C3DA48 /* OrderDetailsViewController.m */,
			);
			name = account;
			sourceTree = "<group>";
		};
		A465107D1A1202F800C3DA48 /* home */ = {
			isa = PBXGroup;
			children = (
				A465108B1A12041E00C3DA48 /* BookServiceViewController.h */,
				A465108C1A12041E00C3DA48 /* BookServiceViewController.m */,
				A46510811A12039500C3DA48 /* BeautyMakeUpFootViewController.h */,
				A46510821A12039500C3DA48 /* BeautyMakeUpFootViewController.m */,
				A46510831A12039500C3DA48 /* SubListViewController.h */,
				A46510841A12039500C3DA48 /* SubListViewController.m */,
				A465107E1A12030300C3DA48 /* MainViewController.h */,
				A465107F1A12030300C3DA48 /* MainViewController.m */,
			);
			name = home;
			sourceTree = "<group>";
		};
		A46510871A1203B300C3DA48 /* share */ = {
			isa = PBXGroup;
			children = (
				A46510881A1203C200C3DA48 /* ShareViewController.h */,
				A46510891A1203C200C3DA48 /* ShareViewController.m */,
			);
			name = share;
			sourceTree = "<group>";
		};
		A465108E1A12045600C3DA48 /* introduction */ = {
			isa = PBXGroup;
			children = (
				A465108F1A12046700C3DA48 /* IntroductionViewController.h */,
				A46510901A12046700C3DA48 /* IntroductionViewController.m */,
			);
			name = introduction;
			sourceTree = "<group>";
		};
		A46510921A12050800C3DA48 /* Utility */ = {
			isa = PBXGroup;
			children = (
				A46510931A12051600C3DA48 /* AppDelegate.h */,
				A46510941A12051600C3DA48 /* AppDelegate.m */,
				A46510951A12051600C3DA48 /* BaseNavigationController.h */,
				A46510961A12051600C3DA48 /* BaseNavigationController.m */,
				A46510971A12051600C3DA48 /* BeautyUtility.h */,
				A46510981A12051600C3DA48 /* BeautyUtility.m */,
				A46510991A12051600C3DA48 /* MainTabBarViewController.h */,
				A465109A1A12051600C3DA48 /* MainTabBarViewController.m */,
			);
			name = Utility;
			sourceTree = "<group>";
		};
/* End PBXGroup section */

/* Begin PBXNativeTarget section */
		7CBAF51C1A04AB4C00D6E74A /* ServiceBeauty */ = {
			isa = PBXNativeTarget;
			buildConfigurationList = 7CBAF5401A04AB4C00D6E74A /* Build configuration list for PBXNativeTarget "ServiceBeauty" */;
			buildPhases = (
				7CBAF5191A04AB4C00D6E74A /* Sources */,
				7CBAF51A1A04AB4C00D6E74A /* Frameworks */,
				7CBAF51B1A04AB4C00D6E74A /* Resources */,
			);
			buildRules = (
			);
			dependencies = (
			);
			name = ServiceBeauty;
			productName = ServiceBeauty;
			productReference = 7CBAF51D1A04AB4C00D6E74A /* ServiceBeauty.app */;
			productType = "com.apple.product-type.application";
		};
		7CBAF5351A04AB4C00D6E74A /* ServiceBeautyTests */ = {
			isa = PBXNativeTarget;
			buildConfigurationList = 7CBAF5431A04AB4C00D6E74A /* Build configuration list for PBXNativeTarget "ServiceBeautyTests" */;
			buildPhases = (
				7CBAF5321A04AB4C00D6E74A /* Sources */,
				7CBAF5331A04AB4C00D6E74A /* Frameworks */,
				7CBAF5341A04AB4C00D6E74A /* Resources */,
			);
			buildRules = (
			);
			dependencies = (
				7CBAF5381A04AB4C00D6E74A /* PBXTargetDependency */,
			);
			name = ServiceBeautyTests;
			productName = ServiceBeautyTests;
			productReference = 7CBAF5361A04AB4C00D6E74A /* ServiceBeautyTests.xctest */;
			productType = "com.apple.product-type.bundle.unit-test";
		};
/* End PBXNativeTarget section */

/* Begin PBXProject section */
		7CBAF5151A04AB4C00D6E74A /* Project object */ = {
			isa = PBXProject;
			attributes = {
				LastUpgradeCheck = 0610;
				ORGANIZATIONNAME = kingJ;
				TargetAttributes = {
					7CBAF51C1A04AB4C00D6E74A = {
						CreatedOnToolsVersion = 6.1;
					};
					7CBAF5351A04AB4C00D6E74A = {
						CreatedOnToolsVersion = 6.1;
						TestTargetID = 7CBAF51C1A04AB4C00D6E74A;
					};
				};
			};
			buildConfigurationList = 7CBAF5181A04AB4C00D6E74A /* Build configuration list for PBXProject "ServiceBeauty" */;
			compatibilityVersion = "Xcode 3.2";
			developmentRegion = English;
			hasScannedForEncodings = 0;
			knownRegions = (
				en,
				Base,
			);
			mainGroup = 7CBAF5141A04AB4C00D6E74A;
			productRefGroup = 7CBAF51E1A04AB4C00D6E74A /* Products */;
			projectDirPath = "";
			projectRoot = "";
			targets = (
				7CBAF51C1A04AB4C00D6E74A /* ServiceBeauty */,
				7CBAF5351A04AB4C00D6E74A /* ServiceBeautyTests */,
			);
		};
/* End PBXProject section */

/* Begin PBXResourcesBuildPhase section */
		7CBAF51B1A04AB4C00D6E74A /* Resources */ = {
			isa = PBXResourcesBuildPhase;
			buildActionMask = 2147483647;
			files = (
				A46510441A12005E00C3DA48 /* 2.jpg in Resources */,
				A465104C1A12005E00C3DA48 /* cell_icon_2.png in Resources */,
				A46510571A12005E00C3DA48 /* tabbar_discover_highlighted@2x.png in Resources */,
				A46510461A12005E00C3DA48 /* back@2x.png in Resources */,
				A465104A1A12005E00C3DA48 /* button4.png in Resources */,
				A46510481A12005E00C3DA48 /* button2.png in Resources */,
				A465105A1A12005E00C3DA48 /* tabbar_home_highlighted.png in Resources */,
				A465105B1A12005E00C3DA48 /* tabbar_home_highlighted@2x.png in Resources */,
				A465105E1A12005E00C3DA48 /* tabbar_message_center_highlighted.png in Resources */,
				A4BBC3731A0B069000D6A596 /* Default-568h@2x.png in Resources */,
				7CBAF52C1A04AB4C00D6E74A /* Main.storyboard in Resources */,
				A46510551A12005E00C3DA48 /* tabbar_background@2x.png in Resources */,
				A46510521A12005E00C3DA48 /* navigationbar_background.png in Resources */,
				A46510511A12005E00C3DA48 /* icon.jpg in Resources */,
				A465104B1A12005E00C3DA48 /* cell_icon_1.png in Resources */,
				A46510451A12005E00C3DA48 /* arrows.png in Resources */,
				A465105F1A12005E00C3DA48 /* tabbar_message_center_highlighted@2x.png in Resources */,
				A46510561A12005E00C3DA48 /* tabbar_discover_highlighted.png in Resources */,
				A465105C1A12005E00C3DA48 /* tabbar_home.png in Resources */,
				A46510531A12005E00C3DA48 /* star.png in Resources */,
				A46510611A12005E00C3DA48 /* tabbar_message_center@2x.png in Resources */,
				A46510641A12005E00C3DA48 /* tabbar_profile.png in Resources */,
				A46510651A12005E00C3DA48 /* tabbar_profile@2x.png in Resources */,
				A46510631A12005E00C3DA48 /* tabbar_profile_highlighted@2x.png in Resources */,
				A46510621A12005E00C3DA48 /* tabbar_profile_highlighted.png in Resources */,
				A46510601A12005E00C3DA48 /* tabbar_message_center.png in Resources */,
				A46510661A12005E00C3DA48 /* time.png in Resources */,
				A46510471A12005E00C3DA48 /* button1.png in Resources */,
				7CBAF5311A04AB4C00D6E74A /* LaunchScreen.xib in Resources */,
				7CBAF52E1A04AB4C00D6E74A /* Images.xcassets in Resources */,
				A46510581A12005E00C3DA48 /* tabbar_discover.png in Resources */,
				A46510541A12005E00C3DA48 /* tabbar_background.png in Resources */,
				A465104F1A12005E00C3DA48 /* cell_icon_6.png in Resources */,
				A46510491A12005E00C3DA48 /* button3.png in Resources */,
				A46510501A12005E00C3DA48 /* cell_icon_7.png in Resources */,
				A46510591A12005E00C3DA48 /* tabbar_discover@2x.png in Resources */,
				A465105D1A12005E00C3DA48 /* tabbar_home@2x.png in Resources */,
				A465104E1A12005E00C3DA48 /* cell_icon_4.png in Resources */,
				A46510431A12005E00C3DA48 /* 1.jpg in Resources */,
				A465104D1A12005E00C3DA48 /* cell_icon_3.png in Resources */,
			);
			runOnlyForDeploymentPostprocessing = 0;
		};
		7CBAF5341A04AB4C00D6E74A /* Resources */ = {
			isa = PBXResourcesBuildPhase;
			buildActionMask = 2147483647;
			files = (
			);
			runOnlyForDeploymentPostprocessing = 0;
		};
/* End PBXResourcesBuildPhase section */

/* Begin PBXSourcesBuildPhase section */
		7CBAF5191A04AB4C00D6E74A /* Sources */ = {
			isa = PBXSourcesBuildPhase;
			buildActionMask = 2147483647;
			files = (
				A46510911A12046700C3DA48 /* IntroductionViewController.m in Sources */,
				A465106E1A1201C200C3DA48 /* CollectTableViewCell.m in Sources */,
				A465109D1A12051600C3DA48 /* BeautyUtility.m in Sources */,
				7C0729611A07B3280074057E /* SubListView.m in Sources */,
				A465107A1A12029300C3DA48 /* CollectViewController.m in Sources */,
				A465109B1A12051600C3DA48 /* AppDelegate.m in Sources */,
				7C9E4C331A0A6A1100624819 /* BeautyMakeUpFootTableViewCell.m in Sources */,
				A465106F1A1201C200C3DA48 /* OrderTableViewCell.m in Sources */,
				A465108A1A1203C200C3DA48 /* ShareViewController.m in Sources */,
				7CBE7A341A1385EF00E64587 /* BeautyServiceRequest.m in Sources */,
				A465109E1A12051600C3DA48 /* MainTabBarViewController.m in Sources */,
				7CBE7A291A1382F200E64587 /* NSString+SBJSON.m in Sources */,
				A465109C1A12051600C3DA48 /* BaseNavigationController.m in Sources */,
				7CBE7A1D1A1382D100E64587 /* Reachability.m in Sources */,
				7CBAF5531A04BA4300D6E74A /* AdvitiseView.m in Sources */,
				7CB8C49F1A060CAE00C47C24 /* SubListTableViewCell.m in Sources */,
				A465108D1A12041E00C3DA48 /* BookServiceViewController.m in Sources */,
				7CBE7A1C1A1382D100E64587 /* ASINetworkQueue.m in Sources */,
				A46510861A12039500C3DA48 /* SubListViewController.m in Sources */,
				A46510791A12029300C3DA48 /* AccountViewController.m in Sources */,
				A465107C1A12029300C3DA48 /* OrderDetailsViewController.m in Sources */,
				A465107B1A12029300C3DA48 /* MyOrderViewController.m in Sources */,
				A46510801A12030300C3DA48 /* MainViewController.m in Sources */,
				7CBE7A1B1A1382D100E64587 /* ASIInputStream.m in Sources */,
				A46510851A12039500C3DA48 /* BeautyMakeUpFootViewController.m in Sources */,
				7CBE7A2B1A1382F200E64587 /* SBJSON.m in Sources */,
				7CBAF5231A04AB4C00D6E74A /* main.m in Sources */,
				7CBAF55B1A04F51900D6E74A /* ListButton.m in Sources */,
				7CBE7A191A1382D100E64587 /* ASIFormDataRequest.m in Sources */,
				7CBE7A171A1382D100E64587 /* ASIAuthenticationDialog.m in Sources */,
				A465106D1A1201C200C3DA48 /* AccountTableViewCell.m in Sources */,
				7CBE7A1A1A1382D100E64587 /* ASIHTTPRequest.m in Sources */,
				7CBE7A181A1382D100E64587 /* ASIDownloadCache.m in Sources */,
				7CBE7A281A1382F200E64587 /* NSObject+SBJSON.m in Sources */,
				7CBE7A2A1A1382F200E64587 /* NSString+URLEncoding.m in Sources */,
				7CBE7A031A1382A800E64587 /* HttpRequestWrap.m in Sources */,
			);
			runOnlyForDeploymentPostprocessing = 0;
		};
		7CBAF5321A04AB4C00D6E74A /* Sources */ = {
			isa = PBXSourcesBuildPhase;
			buildActionMask = 2147483647;
			files = (
				7CBAF53D1A04AB4C00D6E74A /* ServiceBeautyTests.m in Sources */,
			);
			runOnlyForDeploymentPostprocessing = 0;
		};
/* End PBXSourcesBuildPhase section */

/* Begin PBXTargetDependency section */
		7CBAF5381A04AB4C00D6E74A /* PBXTargetDependency */ = {
			isa = PBXTargetDependency;
			target = 7CBAF51C1A04AB4C00D6E74A /* ServiceBeauty */;
			targetProxy = 7CBAF5371A04AB4C00D6E74A /* PBXContainerItemProxy */;
		};
/* End PBXTargetDependency section */

/* Begin PBXVariantGroup section */
		7CBAF52A1A04AB4C00D6E74A /* Main.storyboard */ = {
			isa = PBXVariantGroup;
			children = (
				7CBAF52B1A04AB4C00D6E74A /* Base */,
			);
			name = Main.storyboard;
			sourceTree = "<group>";
		};
		7CBAF52F1A04AB4C00D6E74A /* LaunchScreen.xib */ = {
			isa = PBXVariantGroup;
			children = (
				7CBAF5301A04AB4C00D6E74A /* Base */,
			);
			name = LaunchScreen.xib;
			sourceTree = "<group>";
		};
/* End PBXVariantGroup section */

/* Begin XCBuildConfiguration section */
		7CBAF53E1A04AB4C00D6E74A /* Debug */ = {
			isa = XCBuildConfiguration;
			buildSettings = {
				ALWAYS_SEARCH_USER_PATHS = NO;
				CLANG_CXX_LANGUAGE_STANDARD = "gnu++0x";
				CLANG_CXX_LIBRARY = "libc++";
				CLANG_ENABLE_MODULES = YES;
				CLANG_ENABLE_OBJC_ARC = YES;
				CLANG_WARN_BOOL_CONVERSION = YES;
				CLANG_WARN_CONSTANT_CONVERSION = YES;
				CLANG_WARN_DIRECT_OBJC_ISA_USAGE = YES_ERROR;
				CLANG_WARN_EMPTY_BODY = YES;
				CLANG_WARN_ENUM_CONVERSION = YES;
				CLANG_WARN_INT_CONVERSION = YES;
				CLANG_WARN_OBJC_ROOT_CLASS = YES_ERROR;
				CLANG_WARN_UNREACHABLE_CODE = YES;
				CLANG_WARN__DUPLICATE_METHOD_MATCH = YES;
				"CODE_SIGN_IDENTITY[sdk=iphoneos*]" = "iPhone Developer";
				COPY_PHASE_STRIP = NO;
				ENABLE_STRICT_OBJC_MSGSEND = YES;
				GCC_C_LANGUAGE_STANDARD = gnu99;
				GCC_DYNAMIC_NO_PIC = NO;
				GCC_OPTIMIZATION_LEVEL = 0;
				GCC_PREPROCESSOR_DEFINITIONS = (
					"DEBUG=1",
					"$(inherited)",
				);
				GCC_SYMBOLS_PRIVATE_EXTERN = NO;
				GCC_WARN_64_TO_32_BIT_CONVERSION = YES;
				GCC_WARN_ABOUT_RETURN_TYPE = YES_ERROR;
				GCC_WARN_UNDECLARED_SELECTOR = YES;
				GCC_WARN_UNINITIALIZED_AUTOS = YES_AGGRESSIVE;
				GCC_WARN_UNUSED_FUNCTION = YES;
				GCC_WARN_UNUSED_VARIABLE = YES;
				IPHONEOS_DEPLOYMENT_TARGET = 6.0;
				MTL_ENABLE_DEBUG_INFO = YES;
				ONLY_ACTIVE_ARCH = YES;
				SDKROOT = iphoneos;
				TARGETED_DEVICE_FAMILY = "1,2";
			};
			name = Debug;
		};
		7CBAF53F1A04AB4C00D6E74A /* Release */ = {
			isa = XCBuildConfiguration;
			buildSettings = {
				ALWAYS_SEARCH_USER_PATHS = NO;
				CLANG_CXX_LANGUAGE_STANDARD = "gnu++0x";
				CLANG_CXX_LIBRARY = "libc++";
				CLANG_ENABLE_MODULES = YES;
				CLANG_ENABLE_OBJC_ARC = YES;
				CLANG_WARN_BOOL_CONVERSION = YES;
				CLANG_WARN_CONSTANT_CONVERSION = YES;
				CLANG_WARN_DIRECT_OBJC_ISA_USAGE = YES_ERROR;
				CLANG_WARN_EMPTY_BODY = YES;
				CLANG_WARN_ENUM_CONVERSION = YES;
				CLANG_WARN_INT_CONVERSION = YES;
				CLANG_WARN_OBJC_ROOT_CLASS = YES_ERROR;
				CLANG_WARN_UNREACHABLE_CODE = YES;
				CLANG_WARN__DUPLICATE_METHOD_MATCH = YES;
				"CODE_SIGN_IDENTITY[sdk=iphoneos*]" = "iPhone Developer";
				COPY_PHASE_STRIP = YES;
				ENABLE_NS_ASSERTIONS = NO;
				ENABLE_STRICT_OBJC_MSGSEND = YES;
				GCC_C_LANGUAGE_STANDARD = gnu99;
				GCC_WARN_64_TO_32_BIT_CONVERSION = YES;
				GCC_WARN_ABOUT_RETURN_TYPE = YES_ERROR;
				GCC_WARN_UNDECLARED_SELECTOR = YES;
				GCC_WARN_UNINITIALIZED_AUTOS = YES_AGGRESSIVE;
				GCC_WARN_UNUSED_FUNCTION = YES;
				GCC_WARN_UNUSED_VARIABLE = YES;
				IPHONEOS_DEPLOYMENT_TARGET = 6.0;
				MTL_ENABLE_DEBUG_INFO = NO;
				SDKROOT = iphoneos;
				TARGETED_DEVICE_FAMILY = "1,2";
				VALIDATE_PRODUCT = YES;
			};
			name = Release;
		};
		7CBAF5411A04AB4C00D6E74A /* Debug */ = {
			isa = XCBuildConfiguration;
			buildSettings = {
				ASSETCATALOG_COMPILER_APPICON_NAME = AppIcon;
				CLANG_CXX_LANGUAGE_STANDARD = "c++0x";
				CLANG_CXX_LIBRARY = "libc++";
				GCC_C_LANGUAGE_STANDARD = c11;
				INFOPLIST_FILE = ServiceBeauty/Info.plist;
				IPHONEOS_DEPLOYMENT_TARGET = 6.0;
				LD_RUNPATH_SEARCH_PATHS = "$(inherited) @executable_path/Frameworks";
				PRODUCT_NAME = "$(TARGET_NAME)";
				TARGETED_DEVICE_FAMILY = "1,2";
			};
			name = Debug;
		};
		7CBAF5421A04AB4C00D6E74A /* Release */ = {
			isa = XCBuildConfiguration;
			buildSettings = {
				ASSETCATALOG_COMPILER_APPICON_NAME = AppIcon;
				CLANG_CXX_LANGUAGE_STANDARD = "c++0x";
				CLANG_CXX_LIBRARY = "libc++";
				GCC_C_LANGUAGE_STANDARD = c11;
				INFOPLIST_FILE = ServiceBeauty/Info.plist;
				IPHONEOS_DEPLOYMENT_TARGET = 6.0;
				LD_RUNPATH_SEARCH_PATHS = "$(inherited) @executable_path/Frameworks";
				PRODUCT_NAME = "$(TARGET_NAME)";
				TARGETED_DEVICE_FAMILY = "1,2";
			};
			name = Release;
		};
		7CBAF5441A04AB4C00D6E74A /* Debug */ = {
			isa = XCBuildConfiguration;
			buildSettings = {
				BUNDLE_LOADER = "$(TEST_HOST)";
				FRAMEWORK_SEARCH_PATHS = (
					"$(SDKROOT)/Developer/Library/Frameworks",
					"$(inherited)",
				);
				GCC_PREPROCESSOR_DEFINITIONS = (
					"DEBUG=1",
					"$(inherited)",
				);
				INFOPLIST_FILE = ServiceBeautyTests/Info.plist;
				LD_RUNPATH_SEARCH_PATHS = "$(inherited) @executable_path/Frameworks @loader_path/Frameworks";
				PRODUCT_NAME = "$(TARGET_NAME)";
				TEST_HOST = "$(BUILT_PRODUCTS_DIR)/ServiceBeauty.app/ServiceBeauty";
			};
			name = Debug;
		};
		7CBAF5451A04AB4C00D6E74A /* Release */ = {
			isa = XCBuildConfiguration;
			buildSettings = {
				BUNDLE_LOADER = "$(TEST_HOST)";
				FRAMEWORK_SEARCH_PATHS = (
					"$(SDKROOT)/Developer/Library/Frameworks",
					"$(inherited)",
				);
				INFOPLIST_FILE = ServiceBeautyTests/Info.plist;
				LD_RUNPATH_SEARCH_PATHS = "$(inherited) @executable_path/Frameworks @loader_path/Frameworks";
				PRODUCT_NAME = "$(TARGET_NAME)";
				TEST_HOST = "$(BUILT_PRODUCTS_DIR)/ServiceBeauty.app/ServiceBeauty";
			};
			name = Release;
		};
/* End XCBuildConfiguration section */

/* Begin XCConfigurationList section */
		7CBAF5181A04AB4C00D6E74A /* Build configuration list for PBXProject "ServiceBeauty" */ = {
			isa = XCConfigurationList;
			buildConfigurations = (
				7CBAF53E1A04AB4C00D6E74A /* Debug */,
				7CBAF53F1A04AB4C00D6E74A /* Release */,
			);
			defaultConfigurationIsVisible = 0;
			defaultConfigurationName = Release;
		};
		7CBAF5401A04AB4C00D6E74A /* Build configuration list for PBXNativeTarget "ServiceBeauty" */ = {
			isa = XCConfigurationList;
			buildConfigurations = (
				7CBAF5411A04AB4C00D6E74A /* Debug */,
				7CBAF5421A04AB4C00D6E74A /* Release */,
			);
			defaultConfigurationIsVisible = 0;
			defaultConfigurationName = Release;
		};
		7CBAF5431A04AB4C00D6E74A /* Build configuration list for PBXNativeTarget "ServiceBeautyTests" */ = {
			isa = XCConfigurationList;
			buildConfigurations = (
				7CBAF5441A04AB4C00D6E74A /* Debug */,
				7CBAF5451A04AB4C00D6E74A /* Release */,
			);
			defaultConfigurationIsVisible = 0;
			defaultConfigurationName = Release;
		};
/* End XCConfigurationList section */
	};
	rootObject = 7CBAF5151A04AB4C00D6E74A /* Project object */;
}
