// !$*UTF8*$!
{
	archiveVersion = 1;
	classes = {
	};
	objectVersion = 46;
	objects = {

/* Begin PBXBuildFile section */
		7C0729601A07A6B00074057E /* BookServiceViewController.m in Sources */ = {isa = PBXBuildFile; fileRef = 7C07295F1A07A6B00074057E /* BookServiceViewController.m */; };
		7C0729611A07B3280074057E /* SubListView.m in Sources */ = {isa = PBXBuildFile; fileRef = 7CB8C4A11A06129400C47C24 /* SubListView.m */; };
		7C9E4C301A0A693B00624819 /* BeautyMakeUpFootViewController.m in Sources */ = {isa = PBXBuildFile; fileRef = 7C9E4C2F1A0A693B00624819 /* BeautyMakeUpFootViewController.m */; };
		7C9E4C331A0A6A1100624819 /* BeautyMakeUpFootTableViewCell.m in Sources */ = {isa = PBXBuildFile; fileRef = 7C9E4C321A0A6A1100624819 /* BeautyMakeUpFootTableViewCell.m */; };
		7CB8C49C1A06054A00C47C24 /* SubListViewController.m in Sources */ = {isa = PBXBuildFile; fileRef = 7CB8C49B1A06054A00C47C24 /* SubListViewController.m */; };
		7CB8C49F1A060CAE00C47C24 /* SubListTableViewCell.m in Sources */ = {isa = PBXBuildFile; fileRef = 7CB8C49E1A060CAE00C47C24 /* SubListTableViewCell.m */; };
		7CBAACDA1A0A42EE00B65DAE /* MainTabBarViewController.m in Sources */ = {isa = PBXBuildFile; fileRef = 7CBAACD71A0A42EE00B65DAE /* MainTabBarViewController.m */; };
		7CBAACDB1A0A42EE00B65DAE /* BaseNavigationController.m in Sources */ = {isa = PBXBuildFile; fileRef = 7CBAACD91A0A42EE00B65DAE /* BaseNavigationController.m */; };
		7CBAF5231A04AB4C00D6E74A /* main.m in Sources */ = {isa = PBXBuildFile; fileRef = 7CBAF5221A04AB4C00D6E74A /* main.m */; };
		7CBAF5261A04AB4C00D6E74A /* AppDelegate.m in Sources */ = {isa = PBXBuildFile; fileRef = 7CBAF5251A04AB4C00D6E74A /* AppDelegate.m */; };
		7CBAF5291A04AB4C00D6E74A /* MainViewController.m in Sources */ = {isa = PBXBuildFile; fileRef = 7CBAF5281A04AB4C00D6E74A /* MainViewController.m */; };
		7CBAF52C1A04AB4C00D6E74A /* Main.storyboard in Resources */ = {isa = PBXBuildFile; fileRef = 7CBAF52A1A04AB4C00D6E74A /* Main.storyboard */; };
		7CBAF52E1A04AB4C00D6E74A /* Images.xcassets in Resources */ = {isa = PBXBuildFile; fileRef = 7CBAF52D1A04AB4C00D6E74A /* Images.xcassets */; };
		7CBAF5311A04AB4C00D6E74A /* LaunchScreen.xib in Resources */ = {isa = PBXBuildFile; fileRef = 7CBAF52F1A04AB4C00D6E74A /* LaunchScreen.xib */; };
		7CBAF53D1A04AB4C00D6E74A /* ServiceBeautyTests.m in Sources */ = {isa = PBXBuildFile; fileRef = 7CBAF53C1A04AB4C00D6E74A /* ServiceBeautyTests.m */; };
		7CBAF5481A04AC6900D6E74A /* ShareViewController.m in Sources */ = {isa = PBXBuildFile; fileRef = 7CBAF5471A04AC6900D6E74A /* ShareViewController.m */; };
		7CBAF54C1A04ACB400D6E74A /* IntroductionViewController.m in Sources */ = {isa = PBXBuildFile; fileRef = 7CBAF54B1A04ACB400D6E74A /* IntroductionViewController.m */; };
		7CBAF54F1A04ACE200D6E74A /* AccountViewController.m in Sources */ = {isa = PBXBuildFile; fileRef = 7CBAF54E1A04ACE200D6E74A /* AccountViewController.m */; };
		7CBAF5531A04BA4300D6E74A /* AdvitiseView.m in Sources */ = {isa = PBXBuildFile; fileRef = 7CBAF5521A04BA4300D6E74A /* AdvitiseView.m */; };
		7CBAF55B1A04F51900D6E74A /* ListButton.m in Sources */ = {isa = PBXBuildFile; fileRef = 7CBAF55A1A04F51900D6E74A /* ListButton.m */; };
		A46510151A11D77500C3DA48 /* CollectViewController.m in Sources */ = {isa = PBXBuildFile; fileRef = A46510141A11D77500C3DA48 /* CollectViewController.m */; };
		A46510181A11E14B00C3DA48 /* CollectTableViewCell.m in Sources */ = {isa = PBXBuildFile; fileRef = A46510171A11E14B00C3DA48 /* CollectTableViewCell.m */; };
		A465101D1A11FB3000C3DA48 /* OrderDetailsViewController.m in Sources */ = {isa = PBXBuildFile; fileRef = A465101C1A11FB3000C3DA48 /* OrderDetailsViewController.m */; };
		A46510431A12005E00C3DA48 /* 1.jpg in Resources */ = {isa = PBXBuildFile; fileRef = A465101F1A12005E00C3DA48 /* 1.jpg */; };
		A46510441A12005E00C3DA48 /* 2.jpg in Resources */ = {isa = PBXBuildFile; fileRef = A46510201A12005E00C3DA48 /* 2.jpg */; };
		A46510451A12005E00C3DA48 /* arrows.png in Resources */ = {isa = PBXBuildFile; fileRef = A46510211A12005E00C3DA48 /* arrows.png */; };
		A46510461A12005E00C3DA48 /* back@2x.png in Resources */ = {isa = PBXBuildFile; fileRef = A46510221A12005E00C3DA48 /* back@2x.png */; };
		A46510471A12005E00C3DA48 /* button1.png in Resources */ = {isa = PBXBuildFile; fileRef = A46510231A12005E00C3DA48 /* button1.png */; };
		A46510481A12005E00C3DA48 /* button2.png in Resources */ = {isa = PBXBuildFile; fileRef = A46510241A12005E00C3DA48 /* button2.png */; };
		A46510491A12005E00C3DA48 /* button3.png in Resources */ = {isa = PBXBuildFile; fileRef = A46510251A12005E00C3DA48 /* button3.png */; };
		A465104A1A12005E00C3DA48 /* button4.png in Resources */ = {isa = PBXBuildFile; fileRef = A46510261A12005E00C3DA48 /* button4.png */; };
		A465104B1A12005E00C3DA48 /* cell_icon_1.png in Resources */ = {isa = PBXBuildFile; fileRef = A46510271A12005E00C3DA48 /* cell_icon_1.png */; };
		A465104C1A12005E00C3DA48 /* cell_icon_2.png in Resources */ = {isa = PBXBuildFile; fileRef = A46510281A12005E00C3DA48 /* cell_icon_2.png */; };
		A465104D1A12005E00C3DA48 /* cell_icon_3.png in Resources */ = {isa = PBXBuildFile; fileRef = A46510291A12005E00C3DA48 /* cell_icon_3.png */; };
		A465104E1A12005E00C3DA48 /* cell_icon_4.png in Resources */ = {isa = PBXBuildFile; fileRef = A465102A1A12005E00C3DA48 /* cell_icon_4.png */; };
		A465104F1A12005E00C3DA48 /* cell_icon_6.png in Resources */ = {isa = PBXBuildFile; fileRef = A465102B1A12005E00C3DA48 /* cell_icon_6.png */; };
		A46510501A12005E00C3DA48 /* cell_icon_7.png in Resources */ = {isa = PBXBuildFile; fileRef = A465102C1A12005E00C3DA48 /* cell_icon_7.png */; };
		A46510511A12005E00C3DA48 /* icon.jpg in Resources */ = {isa = PBXBuildFile; fileRef = A465102D1A12005E00C3DA48 /* icon.jpg */; };
		A46510521A12005E00C3DA48 /* navigationbar_background.png in Resources */ = {isa = PBXBuildFile; fileRef = A465102E1A12005E00C3DA48 /* navigationbar_background.png */; };
		A46510531A12005E00C3DA48 /* star.png in Resources */ = {isa = PBXBuildFile; fileRef = A465102F1A12005E00C3DA48 /* star.png */; };
		A46510541A12005E00C3DA48 /* tabbar_background.png in Resources */ = {isa = PBXBuildFile; fileRef = A46510301A12005E00C3DA48 /* tabbar_background.png */; };
		A46510551A12005E00C3DA48 /* tabbar_background@2x.png in Resources */ = {isa = PBXBuildFile; fileRef = A46510311A12005E00C3DA48 /* tabbar_background@2x.png */; };
		A46510561A12005E00C3DA48 /* tabbar_discover_highlighted.png in Resources */ = {isa = PBXBuildFile; fileRef = A46510321A12005E00C3DA48 /* tabbar_discover_highlighted.png */; };
		A46510571A12005E00C3DA48 /* tabbar_discover_highlighted@2x.png in Resources */ = {isa = PBXBuildFile; fileRef = A46510331A12005E00C3DA48 /* tabbar_discover_highlighted@2x.png */; };
		A46510581A12005E00C3DA48 /* tabbar_discover.png in Resources */ = {isa = PBXBuildFile; fileRef = A46510341A12005E00C3DA48 /* tabbar_discover.png */; };
		A46510591A12005E00C3DA48 /* tabbar_discover@2x.png in Resources */ = {isa = PBXBuildFile; fileRef = A46510351A12005E00C3DA48 /* tabbar_discover@2x.png */; };
		A465105A1A12005E00C3DA48 /* tabbar_home_highlighted.png in Resources */ = {isa = PBXBuildFile; fileRef = A46510361A12005E00C3DA48 /* tabbar_home_highlighted.png */; };
		A465105B1A12005E00C3DA48 /* tabbar_home_highlighted@2x.png in Resources */ = {isa = PBXBuildFile; fileRef = A46510371A12005E00C3DA48 /* tabbar_home_highlighted@2x.png */; };
		A465105C1A12005E00C3DA48 /* tabbar_home.png in Resources */ = {isa = PBXBuildFile; fileRef = A46510381A12005E00C3DA48 /* tabbar_home.png */; };
		A465105D1A12005E00C3DA48 /* tabbar_home@2x.png in Resources */ = {isa = PBXBuildFile; fileRef = A46510391A12005E00C3DA48 /* tabbar_home@2x.png */; };
		A465105E1A12005E00C3DA48 /* tabbar_message_center_highlighted.png in Resources */ = {isa = PBXBuildFile; fileRef = A465103A1A12005E00C3DA48 /* tabbar_message_center_highlighted.png */; };
		A465105F1A12005E00C3DA48 /* tabbar_message_center_highlighted@2x.png in Resources */ = {isa = PBXBuildFile; fileRef = A465103B1A12005E00C3DA48 /* tabbar_message_center_highlighted@2x.png */; };
		A46510601A12005E00C3DA48 /* tabbar_message_center.png in Resources */ = {isa = PBXBuildFile; fileRef = A465103C1A12005E00C3DA48 /* tabbar_message_center.png */; };
		A46510611A12005E00C3DA48 /* tabbar_message_center@2x.png in Resources */ = {isa = PBXBuildFile; fileRef = A465103D1A12005E00C3DA48 /* tabbar_message_center@2x.png */; };
		A46510621A12005E00C3DA48 /* tabbar_profile_highlighted.png in Resources */ = {isa = PBXBuildFile; fileRef = A465103E1A12005E00C3DA48 /* tabbar_profile_highlighted.png */; };
		A46510631A12005E00C3DA48 /* tabbar_profile_highlighted@2x.png in Resources */ = {isa = PBXBuildFile; fileRef = A465103F1A12005E00C3DA48 /* tabbar_profile_highlighted@2x.png */; };
		A46510641A12005E00C3DA48 /* tabbar_profile.png in Resources */ = {isa = PBXBuildFile; fileRef = A46510401A12005E00C3DA48 /* tabbar_profile.png */; };
		A46510651A12005E00C3DA48 /* tabbar_profile@2x.png in Resources */ = {isa = PBXBuildFile; fileRef = A46510411A12005E00C3DA48 /* tabbar_profile@2x.png */; };
		A46510661A12005E00C3DA48 /* time.png in Resources */ = {isa = PBXBuildFile; fileRef = A46510421A12005E00C3DA48 /* time.png */; };
		A4B10E4C1A0BB586001DA3E4 /* MyOrderViewController.m in Sources */ = {isa = PBXBuildFile; fileRef = A4B10E4B1A0BB586001DA3E4 /* MyOrderViewController.m */; };
		A4BBC3731A0B069000D6A596 /* Default-568h@2x.png in Resources */ = {isa = PBXBuildFile; fileRef = A4BBC3721A0B069000D6A596 /* Default-568h@2x.png */; };
		A4BBC3761A0B079E00D6A596 /* BeautyUtility.m in Sources */ = {isa = PBXBuildFile; fileRef = A4BBC3751A0B079E00D6A596 /* BeautyUtility.m */; };
		A4BBC38F1A0B227D00D6A596 /* AccountTableViewCell.m in Sources */ = {isa = PBXBuildFile; fileRef = A4BBC38E1A0B227D00D6A596 /* AccountTableViewCell.m */; };
		A4D9E8741A0FCC5600F585C8 /* OrderTableViewCell.m in Sources */ = {isa = PBXBuildFile; fileRef = A4D9E8731A0FCC5600F585C8 /* OrderTableViewCell.m */; };
/* End PBXBuildFile section */

/* Begin PBXContainerItemProxy section */
		7CBAF5371A04AB4C00D6E74A /* PBXContainerItemProxy */ = {
			isa = PBXContainerItemProxy;
			containerPortal = 7CBAF5151A04AB4C00D6E74A /* Project object */;
			proxyType = 1;
			remoteGlobalIDString = 7CBAF51C1A04AB4C00D6E74A;
			remoteInfo = ServiceBeauty;
		};
/* End PBXContainerItemProxy section */

/* Begin PBXFileReference section */
		7C07295E1A07A6B00074057E /* BookServiceViewController.h */ = {isa = PBXFileReference; fileEncoding = 4; lastKnownFileType = sourcecode.c.h; path = BookServiceViewController.h; sourceTree = "<group>"; };
		7C07295F1A07A6B00074057E /* BookServiceViewController.m */ = {isa = PBXFileReference; fileEncoding = 4; lastKnownFileType = sourcecode.c.objc; path = BookServiceViewController.m; sourceTree = "<group>"; };
		7C9E4C2E1A0A693B00624819 /* BeautyMakeUpFootViewController.h */ = {isa = PBXFileReference; fileEncoding = 4; lastKnownFileType = sourcecode.c.h; name = BeautyMakeUpFootViewController.h; path = ViewController/BeautyMakeUpFootViewController.h; sourceTree = "<group>"; };
		7C9E4C2F1A0A693B00624819 /* BeautyMakeUpFootViewController.m */ = {isa = PBXFileReference; fileEncoding = 4; lastKnownFileType = sourcecode.c.objc; name = BeautyMakeUpFootViewController.m; path = ViewController/BeautyMakeUpFootViewController.m; sourceTree = "<group>"; };
		7C9E4C311A0A6A1100624819 /* BeautyMakeUpFootTableViewCell.h */ = {isa = PBXFileReference; fileEncoding = 4; lastKnownFileType = sourcecode.c.h; path = BeautyMakeUpFootTableViewCell.h; sourceTree = "<group>"; };
		7C9E4C321A0A6A1100624819 /* BeautyMakeUpFootTableViewCell.m */ = {isa = PBXFileReference; fileEncoding = 4; lastKnownFileType = sourcecode.c.objc; path = BeautyMakeUpFootTableViewCell.m; sourceTree = "<group>"; };
		7CB8C49A1A06054A00C47C24 /* SubListViewController.h */ = {isa = PBXFileReference; fileEncoding = 4; lastKnownFileType = sourcecode.c.h; path = SubListViewController.h; sourceTree = "<group>"; };
		7CB8C49B1A06054A00C47C24 /* SubListViewController.m */ = {isa = PBXFileReference; fileEncoding = 4; lastKnownFileType = sourcecode.c.objc; path = SubListViewController.m; sourceTree = "<group>"; };
		7CB8C49D1A060CAE00C47C24 /* SubListTableViewCell.h */ = {isa = PBXFileReference; fileEncoding = 4; lastKnownFileType = sourcecode.c.h; path = SubListTableViewCell.h; sourceTree = "<group>"; };
		7CB8C49E1A060CAE00C47C24 /* SubListTableViewCell.m */ = {isa = PBXFileReference; fileEncoding = 4; lastKnownFileType = sourcecode.c.objc; path = SubListTableViewCell.m; sourceTree = "<group>"; };
		7CB8C4A01A06129400C47C24 /* SubListView.h */ = {isa = PBXFileReference; fileEncoding = 4; lastKnownFileType = sourcecode.c.h; path = SubListView.h; sourceTree = "<group>"; };
		7CB8C4A11A06129400C47C24 /* SubListView.m */ = {isa = PBXFileReference; fileEncoding = 4; lastKnownFileType = sourcecode.c.objc; path = SubListView.m; sourceTree = "<group>"; };
		7CBAACD61A0A42EE00B65DAE /* MainTabBarViewController.h */ = {isa = PBXFileReference; fileEncoding = 4; lastKnownFileType = sourcecode.c.h; path = MainTabBarViewController.h; sourceTree = "<group>"; };
		7CBAACD71A0A42EE00B65DAE /* MainTabBarViewController.m */ = {isa = PBXFileReference; fileEncoding = 4; lastKnownFileType = sourcecode.c.objc; path = MainTabBarViewController.m; sourceTree = "<group>"; };
		7CBAACD81A0A42EE00B65DAE /* BaseNavigationController.h */ = {isa = PBXFileReference; fileEncoding = 4; lastKnownFileType = sourcecode.c.h; path = BaseNavigationController.h; sourceTree = "<group>"; };
		7CBAACD91A0A42EE00B65DAE /* BaseNavigationController.m */ = {isa = PBXFileReference; fileEncoding = 4; lastKnownFileType = sourcecode.c.objc; path = BaseNavigationController.m; sourceTree = "<group>"; };
		7CBAF51D1A04AB4C00D6E74A /* ServiceBeauty.app */ = {isa = PBXFileReference; explicitFileType = wrapper.application; includeInIndex = 0; path = ServiceBeauty.app; sourceTree = BUILT_PRODUCTS_DIR; };
		7CBAF5211A04AB4C00D6E74A /* Info.plist */ = {isa = PBXFileReference; lastKnownFileType = text.plist.xml; path = Info.plist; sourceTree = "<group>"; };
		7CBAF5221A04AB4C00D6E74A /* main.m */ = {isa = PBXFileReference; lastKnownFileType = sourcecode.c.objc; path = main.m; sourceTree = "<group>"; };
		7CBAF5241A04AB4C00D6E74A /* AppDelegate.h */ = {isa = PBXFileReference; lastKnownFileType = sourcecode.c.h; path = AppDelegate.h; sourceTree = "<group>"; };
		7CBAF5251A04AB4C00D6E74A /* AppDelegate.m */ = {isa = PBXFileReference; lastKnownFileType = sourcecode.c.objc; path = AppDelegate.m; sourceTree = "<group>"; };
		7CBAF5271A04AB4C00D6E74A /* MainViewController.h */ = {isa = PBXFileReference; lastKnownFileType = sourcecode.c.h; path = MainViewController.h; sourceTree = "<group>"; };
		7CBAF5281A04AB4C00D6E74A /* MainViewController.m */ = {isa = PBXFileReference; lastKnownFileType = sourcecode.c.objc; path = MainViewController.m; sourceTree = "<group>"; };
		7CBAF52B1A04AB4C00D6E74A /* Base */ = {isa = PBXFileReference; lastKnownFileType = file.storyboard; name = Base; path = Base.lproj/Main.storyboard; sourceTree = "<group>"; };
		7CBAF52D1A04AB4C00D6E74A /* Images.xcassets */ = {isa = PBXFileReference; lastKnownFileType = folder.assetcatalog; path = Images.xcassets; sourceTree = "<group>"; };
		7CBAF5301A04AB4C00D6E74A /* Base */ = {isa = PBXFileReference; lastKnownFileType = file.xib; name = Base; path = Base.lproj/LaunchScreen.xib; sourceTree = "<group>"; };
		7CBAF5361A04AB4C00D6E74A /* ServiceBeautyTests.xctest */ = {isa = PBXFileReference; explicitFileType = wrapper.cfbundle; includeInIndex = 0; path = ServiceBeautyTests.xctest; sourceTree = BUILT_PRODUCTS_DIR; };
		7CBAF53B1A04AB4C00D6E74A /* Info.plist */ = {isa = PBXFileReference; lastKnownFileType = text.plist.xml; path = Info.plist; sourceTree = "<group>"; };
		7CBAF53C1A04AB4C00D6E74A /* ServiceBeautyTests.m */ = {isa = PBXFileReference; lastKnownFileType = sourcecode.c.objc; path = ServiceBeautyTests.m; sourceTree = "<group>"; };
		7CBAF5461A04AC6900D6E74A /* ShareViewController.h */ = {isa = PBXFileReference; fileEncoding = 4; lastKnownFileType = sourcecode.c.h; name = ShareViewController.h; path = ViewController/ShareViewController.h; sourceTree = "<group>"; };
		7CBAF5471A04AC6900D6E74A /* ShareViewController.m */ = {isa = PBXFileReference; fileEncoding = 4; lastKnownFileType = sourcecode.c.objc; name = ShareViewController.m; path = ViewController/ShareViewController.m; sourceTree = "<group>"; };
		7CBAF54A1A04ACB400D6E74A /* IntroductionViewController.h */ = {isa = PBXFileReference; fileEncoding = 4; lastKnownFileType = sourcecode.c.h; path = IntroductionViewController.h; sourceTree = "<group>"; };
		7CBAF54B1A04ACB400D6E74A /* IntroductionViewController.m */ = {isa = PBXFileReference; fileEncoding = 4; lastKnownFileType = sourcecode.c.objc; path = IntroductionViewController.m; sourceTree = "<group>"; };
		7CBAF54D1A04ACE200D6E74A /* AccountViewController.h */ = {isa = PBXFileReference; fileEncoding = 4; lastKnownFileType = sourcecode.c.h; path = AccountViewController.h; sourceTree = "<group>"; };
		7CBAF54E1A04ACE200D6E74A /* AccountViewController.m */ = {isa = PBXFileReference; fileEncoding = 4; lastKnownFileType = sourcecode.c.objc; path = AccountViewController.m; sourceTree = "<group>"; };
		7CBAF5511A04BA4300D6E74A /* AdvitiseView.h */ = {isa = PBXFileReference; fileEncoding = 4; lastKnownFileType = sourcecode.c.h; path = AdvitiseView.h; sourceTree = "<group>"; };
		7CBAF5521A04BA4300D6E74A /* AdvitiseView.m */ = {isa = PBXFileReference; fileEncoding = 4; lastKnownFileType = sourcecode.c.objc; path = AdvitiseView.m; sourceTree = "<group>"; };
		7CBAF5591A04F51900D6E74A /* ListButton.h */ = {isa = PBXFileReference; fileEncoding = 4; lastKnownFileType = sourcecode.c.h; path = ListButton.h; sourceTree = "<group>"; };
		7CBAF55A1A04F51900D6E74A /* ListButton.m */ = {isa = PBXFileReference; fileEncoding = 4; lastKnownFileType = sourcecode.c.objc; path = ListButton.m; sourceTree = "<group>"; };
		A46510131A11D77500C3DA48 /* CollectViewController.h */ = {isa = PBXFileReference; fileEncoding = 4; lastKnownFileType = sourcecode.c.h; path = CollectViewController.h; sourceTree = "<group>"; };
		A46510141A11D77500C3DA48 /* CollectViewController.m */ = {isa = PBXFileReference; fileEncoding = 4; lastKnownFileType = sourcecode.c.objc; path = CollectViewController.m; sourceTree = "<group>"; };
		A46510161A11E14B00C3DA48 /* CollectTableViewCell.h */ = {isa = PBXFileReference; fileEncoding = 4; lastKnownFileType = sourcecode.c.h; path = CollectTableViewCell.h; sourceTree = "<group>"; };
		A46510171A11E14B00C3DA48 /* CollectTableViewCell.m */ = {isa = PBXFileReference; fileEncoding = 4; lastKnownFileType = sourcecode.c.objc; path = CollectTableViewCell.m; sourceTree = "<group>"; };
		A465101B1A11FB3000C3DA48 /* OrderDetailsViewController.h */ = {isa = PBXFileReference; fileEncoding = 4; lastKnownFileType = sourcecode.c.h; path = OrderDetailsViewController.h; sourceTree = "<group>"; };
		A465101C1A11FB3000C3DA48 /* OrderDetailsViewController.m */ = {isa = PBXFileReference; fileEncoding = 4; lastKnownFileType = sourcecode.c.objc; path = OrderDetailsViewController.m; sourceTree = "<group>"; };
		A465101F1A12005E00C3DA48 /* 1.jpg */ = {isa = PBXFileReference; lastKnownFileType = image.jpeg; name = 1.jpg; path = image/1.jpg; sourceTree = "<group>"; };
		A46510201A12005E00C3DA48 /* 2.jpg */ = {isa = PBXFileReference; lastKnownFileType = image.jpeg; name = 2.jpg; path = image/2.jpg; sourceTree = "<group>"; };
		A46510211A12005E00C3DA48 /* arrows.png */ = {isa = PBXFileReference; lastKnownFileType = image.png; name = arrows.png; path = image/arrows.png; sourceTree = "<group>"; };
		A46510221A12005E00C3DA48 /* back@2x.png */ = {isa = PBXFileReference; lastKnownFileType = image.png; name = "back@2x.png"; path = "image/back@2x.png"; sourceTree = "<group>"; };
		A46510231A12005E00C3DA48 /* button1.png */ = {isa = PBXFileReference; lastKnownFileType = image.png; name = button1.png; path = image/button1.png; sourceTree = "<group>"; };
		A46510241A12005E00C3DA48 /* button2.png */ = {isa = PBXFileReference; lastKnownFileType = image.png; name = button2.png; path = image/button2.png; sourceTree = "<group>"; };
		A46510251A12005E00C3DA48 /* button3.png */ = {isa = PBXFileReference; lastKnownFileType = image.png; name = button3.png; path = image/button3.png; sourceTree = "<group>"; };
		A46510261A12005E00C3DA48 /* button4.png */ = {isa = PBXFileReference; lastKnownFileType = image.png; name = button4.png; path = image/button4.png; sourceTree = "<group>"; };
		A46510271A12005E00C3DA48 /* cell_icon_1.png */ = {isa = PBXFileReference; lastKnownFileType = image.png; name = cell_icon_1.png; path = image/cell_icon_1.png; sourceTree = "<group>"; };
		A46510281A12005E00C3DA48 /* cell_icon_2.png */ = {isa = PBXFileReference; lastKnownFileType = image.png; name = cell_icon_2.png; path = image/cell_icon_2.png; sourceTree = "<group>"; };
		A46510291A12005E00C3DA48 /* cell_icon_3.png */ = {isa = PBXFileReference; lastKnownFileType = image.png; name = cell_icon_3.png; path = image/cell_icon_3.png; sourceTree = "<group>"; };
		A465102A1A12005E00C3DA48 /* cell_icon_4.png */ = {isa = PBXFileReference; lastKnownFileType = image.png; name = cell_icon_4.png; path = image/cell_icon_4.png; sourceTree = "<group>"; };
		A465102B1A12005E00C3DA48 /* cell_icon_6.png */ = {isa = PBXFileReference; lastKnownFileType = image.png; name = cell_icon_6.png; path = image/cell_icon_6.png; sourceTree = "<group>"; };
		A465102C1A12005E00C3DA48 /* cell_icon_7.png */ = {isa = PBXFileReference; lastKnownFileType = image.png; name = cell_icon_7.png; path = image/cell_icon_7.png; sourceTree = "<group>"; };
		A465102D1A12005E00C3DA48 /* icon.jpg */ = {isa = PBXFileReference; lastKnownFileType = image.jpeg; name = icon.jpg; path = image/icon.jpg; sourceTree = "<group>"; };
		A465102E1A12005E00C3DA48 /* navigationbar_background.png */ = {isa = PBXFileReference; lastKnownFileType = image.png; name = navigationbar_background.png; path = image/navigationbar_background.png; sourceTree = "<group>"; };
		A465102F1A12005E00C3DA48 /* star.png */ = {isa = PBXFileReference; lastKnownFileType = image.png; name = star.png; path = image/star.png; sourceTree = "<group>"; };
		A46510301A12005E00C3DA48 /* tabbar_background.png */ = {isa = PBXFileReference; lastKnownFileType = image.png; name = tabbar_background.png; path = image/tabbar_background.png; sourceTree = "<group>"; };
		A46510311A12005E00C3DA48 /* tabbar_background@2x.png */ = {isa = PBXFileReference; lastKnownFileType = image.png; name = "tabbar_background@2x.png"; path = "image/tabbar_background@2x.png"; sourceTree = "<group>"; };
		A46510321A12005E00C3DA48 /* tabbar_discover_highlighted.png */ = {isa = PBXFileReference; lastKnownFileType = image.png; name = tabbar_discover_highlighted.png; path = image/tabbar_discover_highlighted.png; sourceTree = "<group>"; };
		A46510331A12005E00C3DA48 /* tabbar_discover_highlighted@2x.png */ = {isa = PBXFileReference; lastKnownFileType = image.png; name = "tabbar_discover_highlighted@2x.png"; path = "image/tabbar_discover_highlighted@2x.png"; sourceTree = "<group>"; };
		A46510341A12005E00C3DA48 /* tabbar_discover.png */ = {isa = PBXFileReference; lastKnownFileType = image.png; name = tabbar_discover.png; path = image/tabbar_discover.png; sourceTree = "<group>"; };
		A46510351A12005E00C3DA48 /* tabbar_discover@2x.png */ = {isa = PBXFileReference; lastKnownFileType = image.png; name = "tabbar_discover@2x.png"; path = "image/tabbar_discover@2x.png"; sourceTree = "<group>"; };
		A46510361A12005E00C3DA48 /* tabbar_home_highlighted.png */ = {isa = PBXFileReference; lastKnownFileType = image.png; name = tabbar_home_highlighted.png; path = image/tabbar_home_highlighted.png; sourceTree = "<group>"; };
		A46510371A12005E00C3DA48 /* tabbar_home_highlighted@2x.png */ = {isa = PBXFileReference; lastKnownFileType = image.png; name = "tabbar_home_highlighted@2x.png"; path = "image/tabbar_home_highlighted@2x.png"; sourceTree = "<group>"; };
		A46510381A12005E00C3DA48 /* tabbar_home.png */ = {isa = PBXFileReference; lastKnownFileType = image.png; name = tabbar_home.png; path = image/tabbar_home.png; sourceTree = "<group>"; };
		A46510391A12005E00C3DA48 /* tabbar_home@2x.png */ = {isa = PBXFileReference; lastKnownFileType = image.png; name = "tabbar_home@2x.png"; path = "image/tabbar_home@2x.png"; sourceTree = "<group>"; };
		A465103A1A12005E00C3DA48 /* tabbar_message_center_highlighted.png */ = {isa = PBXFileReference; lastKnownFileType = image.png; name = tabbar_message_center_highlighted.png; path = image/tabbar_message_center_highlighted.png; sourceTree = "<group>"; };
		A465103B1A12005E00C3DA48 /* tabbar_message_center_highlighted@2x.png */ = {isa = PBXFileReference; lastKnownFileType = image.png; name = "tabbar_message_center_highlighted@2x.png"; path = "image/tabbar_message_center_highlighted@2x.png"; sourceTree = "<group>"; };
		A465103C1A12005E00C3DA48 /* tabbar_message_center.png */ = {isa = PBXFileReference; lastKnownFileType = image.png; name = tabbar_message_center.png; path = image/tabbar_message_center.png; sourceTree = "<group>"; };
		A465103D1A12005E00C3DA48 /* tabbar_message_center@2x.png */ = {isa = PBXFileReference; lastKnownFileType = image.png; name = "tabbar_message_center@2x.png"; path = "image/tabbar_message_center@2x.png"; sourceTree = "<group>"; };
		A465103E1A12005E00C3DA48 /* tabbar_profile_highlighted.png */ = {isa = PBXFileReference; lastKnownFileType = image.png; name = tabbar_profile_highlighted.png; path = image/tabbar_profile_highlighted.png; sourceTree = "<group>"; };
		A465103F1A12005E00C3DA48 /* tabbar_profile_highlighted@2x.png */ = {isa = PBXFileReference; lastKnownFileType = image.png; name = "tabbar_profile_highlighted@2x.png"; path = "image/tabbar_profile_highlighted@2x.png"; sourceTree = "<group>"; };
		A46510401A12005E00C3DA48 /* tabbar_profile.png */ = {isa = PBXFileReference; lastKnownFileType = image.png; name = tabbar_profile.png; path = image/tabbar_profile.png; sourceTree = "<group>"; };
		A46510411A12005E00C3DA48 /* tabbar_profile@2x.png */ = {isa = PBXFileReference; lastKnownFileType = image.png; name = "tabbar_profile@2x.png"; path = "image/tabbar_profile@2x.png"; sourceTree = "<group>"; };
		A46510421A12005E00C3DA48 /* time.png */ = {isa = PBXFileReference; lastKnownFileType = image.png; name = time.png; path = image/time.png; sourceTree = "<group>"; };
		A4B10E4A1A0BB586001DA3E4 /* MyOrderViewController.h */ = {isa = PBXFileReference; fileEncoding = 4; lastKnownFileType = sourcecode.c.h; path = MyOrderViewController.h; sourceTree = "<group>"; };
		A4B10E4B1A0BB586001DA3E4 /* MyOrderViewController.m */ = {isa = PBXFileReference; fileEncoding = 4; lastKnownFileType = sourcecode.c.objc; path = MyOrderViewController.m; sourceTree = "<group>"; };
		A4BBC3721A0B069000D6A596 /* Default-568h@2x.png */ = {isa = PBXFileReference; lastKnownFileType = image.png; name = "Default-568h@2x.png"; path = "../Default-568h@2x.png"; sourceTree = "<group>"; };
		A4BBC3741A0B079E00D6A596 /* BeautyUtility.h */ = {isa = PBXFileReference; fileEncoding = 4; lastKnownFileType = sourcecode.c.h; path = BeautyUtility.h; sourceTree = "<group>"; };
		A4BBC3751A0B079E00D6A596 /* BeautyUtility.m */ = {isa = PBXFileReference; fileEncoding = 4; lastKnownFileType = sourcecode.c.objc; path = BeautyUtility.m; sourceTree = "<group>"; };
		A4BBC38D1A0B227D00D6A596 /* AccountTableViewCell.h */ = {isa = PBXFileReference; fileEncoding = 4; lastKnownFileType = sourcecode.c.h; path = AccountTableViewCell.h; sourceTree = "<group>"; };
		A4BBC38E1A0B227D00D6A596 /* AccountTableViewCell.m */ = {isa = PBXFileReference; fileEncoding = 4; lastKnownFileType = sourcecode.c.objc; path = AccountTableViewCell.m; sourceTree = "<group>"; };
		A4D9E8721A0FCC5600F585C8 /* OrderTableViewCell.h */ = {isa = PBXFileReference; fileEncoding = 4; lastKnownFileType = sourcecode.c.h; path = OrderTableViewCell.h; sourceTree = "<group>"; };
		A4D9E8731A0FCC5600F585C8 /* OrderTableViewCell.m */ = {isa = PBXFileReference; fileEncoding = 4; lastKnownFileType = sourcecode.c.objc; path = OrderTableViewCell.m; sourceTree = "<group>"; };
/* End PBXFileReference section */

/* Begin PBXFrameworksBuildPhase section */
		7CBAF51A1A04AB4C00D6E74A /* Frameworks */ = {
			isa = PBXFrameworksBuildPhase;
			buildActionMask = 2147483647;
			files = (
			);
			runOnlyForDeploymentPostprocessing = 0;
		};
		7CBAF5331A04AB4C00D6E74A /* Frameworks */ = {
			isa = PBXFrameworksBuildPhase;
			buildActionMask = 2147483647;
			files = (
			);
			runOnlyForDeploymentPostprocessing = 0;
		};
/* End PBXFrameworksBuildPhase section */

/* Begin PBXGroup section */
		7CBAF5141A04AB4C00D6E74A = {
			isa = PBXGroup;
			children = (
				7CBAF51F1A04AB4C00D6E74A /* ServiceBeauty */,
				7CBAF5391A04AB4C00D6E74A /* ServiceBeautyTests */,
				7CBAF51E1A04AB4C00D6E74A /* Products */,
			);
			sourceTree = "<group>";
		};
		7CBAF51E1A04AB4C00D6E74A /* Products */ = {
			isa = PBXGroup;
			children = (
				7CBAF51D1A04AB4C00D6E74A /* ServiceBeauty.app */,
				7CBAF5361A04AB4C00D6E74A /* ServiceBeautyTests.xctest */,
			);
			name = Products;
			sourceTree = "<group>";
		};
		7CBAF51F1A04AB4C00D6E74A /* ServiceBeauty */ = {
			isa = PBXGroup;
			children = (
				7CBAF5241A04AB4C00D6E74A /* AppDelegate.h */,
				7CBAF5251A04AB4C00D6E74A /* AppDelegate.m */,
				7CBAACD61A0A42EE00B65DAE /* MainTabBarViewController.h */,
				7CBAACD71A0A42EE00B65DAE /* MainTabBarViewController.m */,
				7CBAACD81A0A42EE00B65DAE /* BaseNavigationController.h */,
				7CBAACD91A0A42EE00B65DAE /* BaseNavigationController.m */,
				A4BBC3741A0B079E00D6A596 /* BeautyUtility.h */,
				A4BBC3751A0B079E00D6A596 /* BeautyUtility.m */,
				7CBAF5501A04BA2200D6E74A /* View */,
				7CBAF5491A04AC7500D6E74A /* ViewController */,
				7CBAF52A1A04AB4C00D6E74A /* Main.storyboard */,
				7CBAF52D1A04AB4C00D6E74A /* Images.xcassets */,
				A4BBC3721A0B069000D6A596 /* Default-568h@2x.png */,
				A465101E1A11FEA500C3DA48 /* image  */,
				7CBAF52F1A04AB4C00D6E74A /* LaunchScreen.xib */,
				7CBAF5201A04AB4C00D6E74A /* Supporting Files */,
			);
			path = ServiceBeauty;
			sourceTree = "<group>";
		};
		7CBAF5201A04AB4C00D6E74A /* Supporting Files */ = {
			isa = PBXGroup;
			children = (
				7CBAF5211A04AB4C00D6E74A /* Info.plist */,
				7CBAF5221A04AB4C00D6E74A /* main.m */,
			);
			name = "Supporting Files";
			sourceTree = "<group>";
		};
		7CBAF5391A04AB4C00D6E74A /* ServiceBeautyTests */ = {
			isa = PBXGroup;
			children = (
				7CBAF53C1A04AB4C00D6E74A /* ServiceBeautyTests.m */,
				7CBAF53A1A04AB4C00D6E74A /* Supporting Files */,
			);
			path = ServiceBeautyTests;
			sourceTree = "<group>";
		};
		7CBAF53A1A04AB4C00D6E74A /* Supporting Files */ = {
			isa = PBXGroup;
			children = (
				7CBAF53B1A04AB4C00D6E74A /* Info.plist */,
			);
			name = "Supporting Files";
			sourceTree = "<group>";
		};
		7CBAF5491A04AC7500D6E74A /* ViewController */ = {
			isa = PBXGroup;
			children = (
				7CBAF5271A04AB4C00D6E74A /* MainViewController.h */,
				7CBAF5281A04AB4C00D6E74A /* MainViewController.m */,
				7CB8C49A1A06054A00C47C24 /* SubListViewController.h */,
				7CB8C49B1A06054A00C47C24 /* SubListViewController.m */,
				7C9E4C2E1A0A693B00624819 /* BeautyMakeUpFootViewController.h */,
				7C9E4C2F1A0A693B00624819 /* BeautyMakeUpFootViewController.m */,
				7C07295E1A07A6B00074057E /* BookServiceViewController.h */,
				7C07295F1A07A6B00074057E /* BookServiceViewController.m */,
				7CBAF5461A04AC6900D6E74A /* ShareViewController.h */,
				7CBAF5471A04AC6900D6E74A /* ShareViewController.m */,
				7CBAF54A1A04ACB400D6E74A /* IntroductionViewController.h */,
				7CBAF54B1A04ACB400D6E74A /* IntroductionViewController.m */,
				7CBAF54D1A04ACE200D6E74A /* AccountViewController.h */,
				7CBAF54E1A04ACE200D6E74A /* AccountViewController.m */,
				A4BBC38D1A0B227D00D6A596 /* AccountTableViewCell.h */,
				A4BBC38E1A0B227D00D6A596 /* AccountTableViewCell.m */,
				A4B10E4A1A0BB586001DA3E4 /* MyOrderViewController.h */,
				A4B10E4B1A0BB586001DA3E4 /* MyOrderViewController.m */,
				A465101B1A11FB3000C3DA48 /* OrderDetailsViewController.h */,
				A465101C1A11FB3000C3DA48 /* OrderDetailsViewController.m */,
				A4D9E8721A0FCC5600F585C8 /* OrderTableViewCell.h */,
				A4D9E8731A0FCC5600F585C8 /* OrderTableViewCell.m */,
				A46510131A11D77500C3DA48 /* CollectViewController.h */,
				A46510141A11D77500C3DA48 /* CollectViewController.m */,
				A46510161A11E14B00C3DA48 /* CollectTableViewCell.h */,
				A46510171A11E14B00C3DA48 /* CollectTableViewCell.m */,
			);
			name = ViewController;
			sourceTree = "<group>";
		};
		7CBAF5501A04BA2200D6E74A /* View */ = {
			isa = PBXGroup;
			children = (
				7CBAF5511A04BA4300D6E74A /* AdvitiseView.h */,
				7CBAF5521A04BA4300D6E74A /* AdvitiseView.m */,
				7CB8C4A01A06129400C47C24 /* SubListView.h */,
				7CB8C4A11A06129400C47C24 /* SubListView.m */,
				7C9E4C311A0A6A1100624819 /* BeautyMakeUpFootTableViewCell.h */,
				7C9E4C321A0A6A1100624819 /* BeautyMakeUpFootTableViewCell.m */,
				7CBAF5591A04F51900D6E74A /* ListButton.h */,
				7CBAF55A1A04F51900D6E74A /* ListButton.m */,
				7CB8C49D1A060CAE00C47C24 /* SubListTableViewCell.h */,
				7CB8C49E1A060CAE00C47C24 /* SubListTableViewCell.m */,
			);
			path = View;
			sourceTree = "<group>";
		};
		A465101E1A11FEA500C3DA48 /* image  */ = {
			isa = PBXGroup;
			children = (
				A465101F1A12005E00C3DA48 /* 1.jpg */,
				A46510201A12005E00C3DA48 /* 2.jpg */,
				A46510211A12005E00C3DA48 /* arrows.png */,
				A46510221A12005E00C3DA48 /* back@2x.png */,
				A46510231A12005E00C3DA48 /* button1.png */,
				A46510241A12005E00C3DA48 /* button2.png */,
				A46510251A12005E00C3DA48 /* button3.png */,
				A46510261A12005E00C3DA48 /* button4.png */,
				A46510271A12005E00C3DA48 /* cell_icon_1.png */,
				A46510281A12005E00C3DA48 /* cell_icon_2.png */,
				A46510291A12005E00C3DA48 /* cell_icon_3.png */,
				A465102A1A12005E00C3DA48 /* cell_icon_4.png */,
				A465102B1A12005E00C3DA48 /* cell_icon_6.png */,
				A465102C1A12005E00C3DA48 /* cell_icon_7.png */,
				A465102D1A12005E00C3DA48 /* icon.jpg */,
				A465102E1A12005E00C3DA48 /* navigationbar_background.png */,
				A465102F1A12005E00C3DA48 /* star.png */,
				A46510301A12005E00C3DA48 /* tabbar_background.png */,
				A46510311A12005E00C3DA48 /* tabbar_background@2x.png */,
				A46510321A12005E00C3DA48 /* tabbar_discover_highlighted.png */,
				A46510331A12005E00C3DA48 /* tabbar_discover_highlighted@2x.png */,
				A46510341A12005E00C3DA48 /* tabbar_discover.png */,
				A46510351A12005E00C3DA48 /* tabbar_discover@2x.png */,
				A46510361A12005E00C3DA48 /* tabbar_home_highlighted.png */,
				A46510371A12005E00C3DA48 /* tabbar_home_highlighted@2x.png */,
				A46510381A12005E00C3DA48 /* tabbar_home.png */,
				A46510391A12005E00C3DA48 /* tabbar_home@2x.png */,
				A465103A1A12005E00C3DA48 /* tabbar_message_center_highlighted.png */,
				A465103B1A12005E00C3DA48 /* tabbar_message_center_highlighted@2x.png */,
				A465103C1A12005E00C3DA48 /* tabbar_message_center.png */,
				A465103D1A12005E00C3DA48 /* tabbar_message_center@2x.png */,
				A465103E1A12005E00C3DA48 /* tabbar_profile_highlighted.png */,
				A465103F1A12005E00C3DA48 /* tabbar_profile_highlighted@2x.png */,
				A46510401A12005E00C3DA48 /* tabbar_profile.png */,
				A46510411A12005E00C3DA48 /* tabbar_profile@2x.png */,
				A46510421A12005E00C3DA48 /* time.png */,
			);
			name = "image ";
			sourceTree = "<group>";
		};
/* End PBXGroup section */

/* Begin PBXNativeTarget section */
		7CBAF51C1A04AB4C00D6E74A /* ServiceBeauty */ = {
			isa = PBXNativeTarget;
			buildConfigurationList = 7CBAF5401A04AB4C00D6E74A /* Build configuration list for PBXNativeTarget "ServiceBeauty" */;
			buildPhases = (
				7CBAF5191A04AB4C00D6E74A /* Sources */,
				7CBAF51A1A04AB4C00D6E74A /* Frameworks */,
				7CBAF51B1A04AB4C00D6E74A /* Resources */,
			);
			buildRules = (
			);
			dependencies = (
			);
			name = ServiceBeauty;
			productName = ServiceBeauty;
			productReference = 7CBAF51D1A04AB4C00D6E74A /* ServiceBeauty.app */;
			productType = "com.apple.product-type.application";
		};
		7CBAF5351A04AB4C00D6E74A /* ServiceBeautyTests */ = {
			isa = PBXNativeTarget;
			buildConfigurationList = 7CBAF5431A04AB4C00D6E74A /* Build configuration list for PBXNativeTarget "ServiceBeautyTests" */;
			buildPhases = (
				7CBAF5321A04AB4C00D6E74A /* Sources */,
				7CBAF5331A04AB4C00D6E74A /* Frameworks */,
				7CBAF5341A04AB4C00D6E74A /* Resources */,
			);
			buildRules = (
			);
			dependencies = (
				7CBAF5381A04AB4C00D6E74A /* PBXTargetDependency */,
			);
			name = ServiceBeautyTests;
			productName = ServiceBeautyTests;
			productReference = 7CBAF5361A04AB4C00D6E74A /* ServiceBeautyTests.xctest */;
			productType = "com.apple.product-type.bundle.unit-test";
		};
/* End PBXNativeTarget section */

/* Begin PBXProject section */
		7CBAF5151A04AB4C00D6E74A /* Project object */ = {
			isa = PBXProject;
			attributes = {
				LastUpgradeCheck = 0610;
				ORGANIZATIONNAME = kingJ;
				TargetAttributes = {
					7CBAF51C1A04AB4C00D6E74A = {
						CreatedOnToolsVersion = 6.1;
					};
					7CBAF5351A04AB4C00D6E74A = {
						CreatedOnToolsVersion = 6.1;
						TestTargetID = 7CBAF51C1A04AB4C00D6E74A;
					};
				};
			};
			buildConfigurationList = 7CBAF5181A04AB4C00D6E74A /* Build configuration list for PBXProject "ServiceBeauty" */;
			compatibilityVersion = "Xcode 3.2";
			developmentRegion = English;
			hasScannedForEncodings = 0;
			knownRegions = (
				en,
				Base,
			);
			mainGroup = 7CBAF5141A04AB4C00D6E74A;
			productRefGroup = 7CBAF51E1A04AB4C00D6E74A /* Products */;
			projectDirPath = "";
			projectRoot = "";
			targets = (
				7CBAF51C1A04AB4C00D6E74A /* ServiceBeauty */,
				7CBAF5351A04AB4C00D6E74A /* ServiceBeautyTests */,
			);
		};
/* End PBXProject section */

/* Begin PBXResourcesBuildPhase section */
		7CBAF51B1A04AB4C00D6E74A /* Resources */ = {
			isa = PBXResourcesBuildPhase;
			buildActionMask = 2147483647;
			files = (
				A46510441A12005E00C3DA48 /* 2.jpg in Resources */,
				A465104C1A12005E00C3DA48 /* cell_icon_2.png in Resources */,
				A46510571A12005E00C3DA48 /* tabbar_discover_highlighted@2x.png in Resources */,
				A46510461A12005E00C3DA48 /* back@2x.png in Resources */,
				A465104A1A12005E00C3DA48 /* button4.png in Resources */,
				A46510481A12005E00C3DA48 /* button2.png in Resources */,
				A465105A1A12005E00C3DA48 /* tabbar_home_highlighted.png in Resources */,
				A465105B1A12005E00C3DA48 /* tabbar_home_highlighted@2x.png in Resources */,
				A465105E1A12005E00C3DA48 /* tabbar_message_center_highlighted.png in Resources */,
				A4BBC3731A0B069000D6A596 /* Default-568h@2x.png in Resources */,
				7CBAF52C1A04AB4C00D6E74A /* Main.storyboard in Resources */,
				A46510551A12005E00C3DA48 /* tabbar_background@2x.png in Resources */,
				A46510521A12005E00C3DA48 /* navigationbar_background.png in Resources */,
				A46510511A12005E00C3DA48 /* icon.jpg in Resources */,
				A465104B1A12005E00C3DA48 /* cell_icon_1.png in Resources */,
				A46510451A12005E00C3DA48 /* arrows.png in Resources */,
				A465105F1A12005E00C3DA48 /* tabbar_message_center_highlighted@2x.png in Resources */,
				A46510561A12005E00C3DA48 /* tabbar_discover_highlighted.png in Resources */,
				A465105C1A12005E00C3DA48 /* tabbar_home.png in Resources */,
				A46510531A12005E00C3DA48 /* star.png in Resources */,
				A46510611A12005E00C3DA48 /* tabbar_message_center@2x.png in Resources */,
				A46510641A12005E00C3DA48 /* tabbar_profile.png in Resources */,
				A46510651A12005E00C3DA48 /* tabbar_profile@2x.png in Resources */,
				A46510631A12005E00C3DA48 /* tabbar_profile_highlighted@2x.png in Resources */,
				A46510621A12005E00C3DA48 /* tabbar_profile_highlighted.png in Resources */,
				A46510601A12005E00C3DA48 /* tabbar_message_center.png in Resources */,
				A46510661A12005E00C3DA48 /* time.png in Resources */,
				A46510471A12005E00C3DA48 /* button1.png in Resources */,
				7CBAF5311A04AB4C00D6E74A /* LaunchScreen.xib in Resources */,
				7CBAF52E1A04AB4C00D6E74A /* Images.xcassets in Resources */,
				A46510581A12005E00C3DA48 /* tabbar_discover.png in Resources */,
				A46510541A12005E00C3DA48 /* tabbar_background.png in Resources */,
				A465104F1A12005E00C3DA48 /* cell_icon_6.png in Resources */,
				A46510491A12005E00C3DA48 /* button3.png in Resources */,
				A46510501A12005E00C3DA48 /* cell_icon_7.png in Resources */,
				A46510591A12005E00C3DA48 /* tabbar_discover@2x.png in Resources */,
				A465105D1A12005E00C3DA48 /* tabbar_home@2x.png in Resources */,
				A465104E1A12005E00C3DA48 /* cell_icon_4.png in Resources */,
				A46510431A12005E00C3DA48 /* 1.jpg in Resources */,
				A465104D1A12005E00C3DA48 /* cell_icon_3.png in Resources */,
			);
			runOnlyForDeploymentPostprocessing = 0;
		};
		7CBAF5341A04AB4C00D6E74A /* Resources */ = {
			isa = PBXResourcesBuildPhase;
			buildActionMask = 2147483647;
			files = (
			);
			runOnlyForDeploymentPostprocessing = 0;
		};
/* End PBXResourcesBuildPhase section */

/* Begin PBXSourcesBuildPhase section */
		7CBAF5191A04AB4C00D6E74A /* Sources */ = {
			isa = PBXSourcesBuildPhase;
			buildActionMask = 2147483647;
			files = (
				A46510181A11E14B00C3DA48 /* CollectTableViewCell.m in Sources */,
				7CBAF5291A04AB4C00D6E74A /* MainViewController.m in Sources */,
				A4BBC3761A0B079E00D6A596 /* BeautyUtility.m in Sources */,
				7C0729611A07B3280074057E /* SubListView.m in Sources */,
				7C9E4C331A0A6A1100624819 /* BeautyMakeUpFootTableViewCell.m in Sources */,
				A46510151A11D77500C3DA48 /* CollectViewController.m in Sources */,
				7C0729601A07A6B00074057E /* BookServiceViewController.m in Sources */,
				A4BBC38F1A0B227D00D6A596 /* AccountTableViewCell.m in Sources */,
				A4B10E4C1A0BB586001DA3E4 /* MyOrderViewController.m in Sources */,
				7CBAF54C1A04ACB400D6E74A /* IntroductionViewController.m in Sources */,
				7CBAF5261A04AB4C00D6E74A /* AppDelegate.m in Sources */,
				7CBAF5531A04BA4300D6E74A /* AdvitiseView.m in Sources */,
				7CBAACDA1A0A42EE00B65DAE /* MainTabBarViewController.m in Sources */,
				7CB8C49F1A060CAE00C47C24 /* SubListTableViewCell.m in Sources */,
				7CBAACDB1A0A42EE00B65DAE /* BaseNavigationController.m in Sources */,
				7CBAF5481A04AC6900D6E74A /* ShareViewController.m in Sources */,
				7CBAF54F1A04ACE200D6E74A /* AccountViewController.m in Sources */,
				A465101D1A11FB3000C3DA48 /* OrderDetailsViewController.m in Sources */,
				7C9E4C301A0A693B00624819 /* BeautyMakeUpFootViewController.m in Sources */,
				7CBAF5231A04AB4C00D6E74A /* main.m in Sources */,
				7CBAF55B1A04F51900D6E74A /* ListButton.m in Sources */,
				A4D9E8741A0FCC5600F585C8 /* OrderTableViewCell.m in Sources */,
				7CB8C49C1A06054A00C47C24 /* SubListViewController.m in Sources */,
			);
			runOnlyForDeploymentPostprocessing = 0;
		};
		7CBAF5321A04AB4C00D6E74A /* Sources */ = {
			isa = PBXSourcesBuildPhase;
			buildActionMask = 2147483647;
			files = (
				7CBAF53D1A04AB4C00D6E74A /* ServiceBeautyTests.m in Sources */,
			);
			runOnlyForDeploymentPostprocessing = 0;
		};
/* End PBXSourcesBuildPhase section */

/* Begin PBXTargetDependency section */
		7CBAF5381A04AB4C00D6E74A /* PBXTargetDependency */ = {
			isa = PBXTargetDependency;
			target = 7CBAF51C1A04AB4C00D6E74A /* ServiceBeauty */;
			targetProxy = 7CBAF5371A04AB4C00D6E74A /* PBXContainerItemProxy */;
		};
/* End PBXTargetDependency section */

/* Begin PBXVariantGroup section */
		7CBAF52A1A04AB4C00D6E74A /* Main.storyboard */ = {
			isa = PBXVariantGroup;
			children = (
				7CBAF52B1A04AB4C00D6E74A /* Base */,
			);
			name = Main.storyboard;
			sourceTree = "<group>";
		};
		7CBAF52F1A04AB4C00D6E74A /* LaunchScreen.xib */ = {
			isa = PBXVariantGroup;
			children = (
				7CBAF5301A04AB4C00D6E74A /* Base */,
			);
			name = LaunchScreen.xib;
			sourceTree = "<group>";
		};
/* End PBXVariantGroup section */

/* Begin XCBuildConfiguration section */
		7CBAF53E1A04AB4C00D6E74A /* Debug */ = {
			isa = XCBuildConfiguration;
			buildSettings = {
				ALWAYS_SEARCH_USER_PATHS = NO;
				CLANG_CXX_LANGUAGE_STANDARD = "gnu++0x";
				CLANG_CXX_LIBRARY = "libc++";
				CLANG_ENABLE_MODULES = YES;
				CLANG_ENABLE_OBJC_ARC = YES;
				CLANG_WARN_BOOL_CONVERSION = YES;
				CLANG_WARN_CONSTANT_CONVERSION = YES;
				CLANG_WARN_DIRECT_OBJC_ISA_USAGE = YES_ERROR;
				CLANG_WARN_EMPTY_BODY = YES;
				CLANG_WARN_ENUM_CONVERSION = YES;
				CLANG_WARN_INT_CONVERSION = YES;
				CLANG_WARN_OBJC_ROOT_CLASS = YES_ERROR;
				CLANG_WARN_UNREACHABLE_CODE = YES;
				CLANG_WARN__DUPLICATE_METHOD_MATCH = YES;
				"CODE_SIGN_IDENTITY[sdk=iphoneos*]" = "iPhone Developer";
				COPY_PHASE_STRIP = NO;
				ENABLE_STRICT_OBJC_MSGSEND = YES;
				GCC_C_LANGUAGE_STANDARD = gnu99;
				GCC_DYNAMIC_NO_PIC = NO;
				GCC_OPTIMIZATION_LEVEL = 0;
				GCC_PREPROCESSOR_DEFINITIONS = (
					"DEBUG=1",
					"$(inherited)",
				);
				GCC_SYMBOLS_PRIVATE_EXTERN = NO;
				GCC_WARN_64_TO_32_BIT_CONVERSION = YES;
				GCC_WARN_ABOUT_RETURN_TYPE = YES_ERROR;
				GCC_WARN_UNDECLARED_SELECTOR = YES;
				GCC_WARN_UNINITIALIZED_AUTOS = YES_AGGRESSIVE;
				GCC_WARN_UNUSED_FUNCTION = YES;
				GCC_WARN_UNUSED_VARIABLE = YES;
				IPHONEOS_DEPLOYMENT_TARGET = 6.0;
				MTL_ENABLE_DEBUG_INFO = YES;
				ONLY_ACTIVE_ARCH = YES;
				SDKROOT = iphoneos;
				TARGETED_DEVICE_FAMILY = "1,2";
			};
			name = Debug;
		};
		7CBAF53F1A04AB4C00D6E74A /* Release */ = {
			isa = XCBuildConfiguration;
			buildSettings = {
				ALWAYS_SEARCH_USER_PATHS = NO;
				CLANG_CXX_LANGUAGE_STANDARD = "gnu++0x";
				CLANG_CXX_LIBRARY = "libc++";
				CLANG_ENABLE_MODULES = YES;
				CLANG_ENABLE_OBJC_ARC = YES;
				CLANG_WARN_BOOL_CONVERSION = YES;
				CLANG_WARN_CONSTANT_CONVERSION = YES;
				CLANG_WARN_DIRECT_OBJC_ISA_USAGE = YES_ERROR;
				CLANG_WARN_EMPTY_BODY = YES;
				CLANG_WARN_ENUM_CONVERSION = YES;
				CLANG_WARN_INT_CONVERSION = YES;
				CLANG_WARN_OBJC_ROOT_CLASS = YES_ERROR;
				CLANG_WARN_UNREACHABLE_CODE = YES;
				CLANG_WARN__DUPLICATE_METHOD_MATCH = YES;
				"CODE_SIGN_IDENTITY[sdk=iphoneos*]" = "iPhone Developer";
				COPY_PHASE_STRIP = YES;
				ENABLE_NS_ASSERTIONS = NO;
				ENABLE_STRICT_OBJC_MSGSEND = YES;
				GCC_C_LANGUAGE_STANDARD = gnu99;
				GCC_WARN_64_TO_32_BIT_CONVERSION = YES;
				GCC_WARN_ABOUT_RETURN_TYPE = YES_ERROR;
				GCC_WARN_UNDECLARED_SELECTOR = YES;
				GCC_WARN_UNINITIALIZED_AUTOS = YES_AGGRESSIVE;
				GCC_WARN_UNUSED_FUNCTION = YES;
				GCC_WARN_UNUSED_VARIABLE = YES;
				IPHONEOS_DEPLOYMENT_TARGET = 6.0;
				MTL_ENABLE_DEBUG_INFO = NO;
				SDKROOT = iphoneos;
				TARGETED_DEVICE_FAMILY = "1,2";
				VALIDATE_PRODUCT = YES;
			};
			name = Release;
		};
		7CBAF5411A04AB4C00D6E74A /* Debug */ = {
			isa = XCBuildConfiguration;
			buildSettings = {
				ASSETCATALOG_COMPILER_APPICON_NAME = AppIcon;
				INFOPLIST_FILE = ServiceBeauty/Info.plist;
				IPHONEOS_DEPLOYMENT_TARGET = 6.0;
				LD_RUNPATH_SEARCH_PATHS = "$(inherited) @executable_path/Frameworks";
				PRODUCT_NAME = "$(TARGET_NAME)";
				TARGETED_DEVICE_FAMILY = "1,2";
			};
			name = Debug;
		};
		7CBAF5421A04AB4C00D6E74A /* Release */ = {
			isa = XCBuildConfiguration;
			buildSettings = {
				ASSETCATALOG_COMPILER_APPICON_NAME = AppIcon;
				INFOPLIST_FILE = ServiceBeauty/Info.plist;
				IPHONEOS_DEPLOYMENT_TARGET = 6.0;
				LD_RUNPATH_SEARCH_PATHS = "$(inherited) @executable_path/Frameworks";
				PRODUCT_NAME = "$(TARGET_NAME)";
				TARGETED_DEVICE_FAMILY = "1,2";
			};
			name = Release;
		};
		7CBAF5441A04AB4C00D6E74A /* Debug */ = {
			isa = XCBuildConfiguration;
			buildSettings = {
				BUNDLE_LOADER = "$(TEST_HOST)";
				FRAMEWORK_SEARCH_PATHS = (
					"$(SDKROOT)/Developer/Library/Frameworks",
					"$(inherited)",
				);
				GCC_PREPROCESSOR_DEFINITIONS = (
					"DEBUG=1",
					"$(inherited)",
				);
				INFOPLIST_FILE = ServiceBeautyTests/Info.plist;
				LD_RUNPATH_SEARCH_PATHS = "$(inherited) @executable_path/Frameworks @loader_path/Frameworks";
				PRODUCT_NAME = "$(TARGET_NAME)";
				TEST_HOST = "$(BUILT_PRODUCTS_DIR)/ServiceBeauty.app/ServiceBeauty";
			};
			name = Debug;
		};
		7CBAF5451A04AB4C00D6E74A /* Release */ = {
			isa = XCBuildConfiguration;
			buildSettings = {
				BUNDLE_LOADER = "$(TEST_HOST)";
				FRAMEWORK_SEARCH_PATHS = (
					"$(SDKROOT)/Developer/Library/Frameworks",
					"$(inherited)",
				);
				INFOPLIST_FILE = ServiceBeautyTests/Info.plist;
				LD_RUNPATH_SEARCH_PATHS = "$(inherited) @executable_path/Frameworks @loader_path/Frameworks";
				PRODUCT_NAME = "$(TARGET_NAME)";
				TEST_HOST = "$(BUILT_PRODUCTS_DIR)/ServiceBeauty.app/ServiceBeauty";
			};
			name = Release;
		};
/* End XCBuildConfiguration section */

/* Begin XCConfigurationList section */
		7CBAF5181A04AB4C00D6E74A /* Build configuration list for PBXProject "ServiceBeauty" */ = {
			isa = XCConfigurationList;
			buildConfigurations = (
				7CBAF53E1A04AB4C00D6E74A /* Debug */,
				7CBAF53F1A04AB4C00D6E74A /* Release */,
			);
			defaultConfigurationIsVisible = 0;
			defaultConfigurationName = Release;
		};
		7CBAF5401A04AB4C00D6E74A /* Build configuration list for PBXNativeTarget "ServiceBeauty" */ = {
			isa = XCConfigurationList;
			buildConfigurations = (
				7CBAF5411A04AB4C00D6E74A /* Debug */,
				7CBAF5421A04AB4C00D6E74A /* Release */,
			);
			defaultConfigurationIsVisible = 0;
			defaultConfigurationName = Release;
		};
		7CBAF5431A04AB4C00D6E74A /* Build configuration list for PBXNativeTarget "ServiceBeautyTests" */ = {
			isa = XCConfigurationList;
			buildConfigurations = (
				7CBAF5441A04AB4C00D6E74A /* Debug */,
				7CBAF5451A04AB4C00D6E74A /* Release */,
			);
			defaultConfigurationIsVisible = 0;
			defaultConfigurationName = Release;
		};
/* End XCConfigurationList section */
	};
	rootObject = 7CBAF5151A04AB4C00D6E74A /* Project object */;
}
